// !$*UTF8*$!
{
	archiveVersion = 1;
	classes = {
	};
	objectVersion = 46;
	objects = {

/* Begin PBXBuildFile section */
		5742032719C8CF2000A84191 /* AppDelegate.swift in Sources */ = {isa = PBXBuildFile; fileRef = 5742032619C8CF2000A84191 /* AppDelegate.swift */; };
		5742032919C8CF2000A84191 /* LoginViewController.swift in Sources */ = {isa = PBXBuildFile; fileRef = 5742032819C8CF2000A84191 /* LoginViewController.swift */; };
		5742032C19C8CF2000A84191 /* Main.storyboard in Resources */ = {isa = PBXBuildFile; fileRef = 5742032A19C8CF2000A84191 /* Main.storyboard */; };
		5742033119C8CF2100A84191 /* LaunchScreen.xib in Resources */ = {isa = PBXBuildFile; fileRef = 5742032F19C8CF2100A84191 /* LaunchScreen.xib */; };
		5742033D19C8CF2100A84191 /* CollegeTradeTests.swift in Sources */ = {isa = PBXBuildFile; fileRef = 5742033C19C8CF2100A84191 /* CollegeTradeTests.swift */; };
		574614FF19E37138008323E0 /* Images.xcassets in Resources */ = {isa = PBXBuildFile; fileRef = 574614FE19E37138008323E0 /* Images.xcassets */; };
		5746150119E375D7008323E0 /* Store.swift in Sources */ = {isa = PBXBuildFile; fileRef = 5746150019E375D7008323E0 /* Store.swift */; };
		5746150319E37884008323E0 /* User.swift in Sources */ = {isa = PBXBuildFile; fileRef = 5746150219E37884008323E0 /* User.swift */; };
		5746150519E37DD8008323E0 /* StoresNearByViewController.swift in Sources */ = {isa = PBXBuildFile; fileRef = 5746150419E37DD8008323E0 /* StoresNearByViewController.swift */; };
		5784C28519C9112B00DDA365 /* SignUpViewController.swift in Sources */ = {isa = PBXBuildFile; fileRef = 5784C28419C9112B00DDA365 /* SignUpViewController.swift */; };
		5784C28719C916EE00DDA365 /* UserHomePageViewController.swift in Sources */ = {isa = PBXBuildFile; fileRef = 5784C28619C916EE00DDA365 /* UserHomePageViewController.swift */; };
		5784C28919C9245100DDA365 /* ItemDetailViewController.swift in Sources */ = {isa = PBXBuildFile; fileRef = 5784C28819C9245100DDA365 /* ItemDetailViewController.swift */; };
		57E52D7C19EC7BEB00D33DE3 /* KeyChainService.swift in Sources */ = {isa = PBXBuildFile; fileRef = 57E52D7B19EC7BEB00D33DE3 /* KeyChainService.swift */; };
		57E52D7E19EE14AF00D33DE3 /* TakePhotoViewController.swift in Sources */ = {isa = PBXBuildFile; fileRef = 57E52D7D19EE14AF00D33DE3 /* TakePhotoViewController.swift */; };
		57FA4B6A19E35DAC00BBC5FD /* ItemForSell.swift in Sources */ = {isa = PBXBuildFile; fileRef = 57FA4B6919E35DAC00BBC5FD /* ItemForSell.swift */; };
		709D7D6619ECC2BD0037A03C /* UserSettingViewController.swift in Sources */ = {isa = PBXBuildFile; fileRef = 709D7D6519ECC2BD0037A03C /* UserSettingViewController.swift */; };
		70D7785819E36C6400437988 /* UserProfileViewController.swift in Sources */ = {isa = PBXBuildFile; fileRef = 70D7785719E36C6400437988 /* UserProfileViewController.swift */; };
/* End PBXBuildFile section */

/* Begin PBXContainerItemProxy section */
		5742033719C8CF2100A84191 /* PBXContainerItemProxy */ = {
			isa = PBXContainerItemProxy;
			containerPortal = 5742031919C8CF2000A84191 /* Project object */;
			proxyType = 1;
			remoteGlobalIDString = 5742032019C8CF2000A84191;
			remoteInfo = CollegeTrade;
		};
/* End PBXContainerItemProxy section */

/* Begin PBXFileReference section */
		5742032119C8CF2000A84191 /* CollegeTrade.app */ = {isa = PBXFileReference; explicitFileType = wrapper.application; includeInIndex = 0; path = CollegeTrade.app; sourceTree = BUILT_PRODUCTS_DIR; };
		5742032519C8CF2000A84191 /* Info.plist */ = {isa = PBXFileReference; lastKnownFileType = text.plist.xml; path = Info.plist; sourceTree = "<group>"; };
		5742032619C8CF2000A84191 /* AppDelegate.swift */ = {isa = PBXFileReference; lastKnownFileType = sourcecode.swift; path = AppDelegate.swift; sourceTree = "<group>"; };
		5742032819C8CF2000A84191 /* LoginViewController.swift */ = {isa = PBXFileReference; lastKnownFileType = sourcecode.swift; path = LoginViewController.swift; sourceTree = "<group>"; };
		5742032B19C8CF2000A84191 /* Base */ = {isa = PBXFileReference; lastKnownFileType = file.storyboard; name = Base; path = Base.lproj/Main.storyboard; sourceTree = "<group>"; };
		5742033019C8CF2100A84191 /* Base */ = {isa = PBXFileReference; lastKnownFileType = file.xib; name = Base; path = Base.lproj/LaunchScreen.xib; sourceTree = "<group>"; };
		5742033619C8CF2100A84191 /* CollegeTradeTests.xctest */ = {isa = PBXFileReference; explicitFileType = wrapper.cfbundle; includeInIndex = 0; path = CollegeTradeTests.xctest; sourceTree = BUILT_PRODUCTS_DIR; };
		5742033B19C8CF2100A84191 /* Info.plist */ = {isa = PBXFileReference; lastKnownFileType = text.plist.xml; path = Info.plist; sourceTree = "<group>"; };
		5742033C19C8CF2100A84191 /* CollegeTradeTests.swift */ = {isa = PBXFileReference; lastKnownFileType = sourcecode.swift; path = CollegeTradeTests.swift; sourceTree = "<group>"; };
		574614FE19E37138008323E0 /* Images.xcassets */ = {isa = PBXFileReference; lastKnownFileType = folder.assetcatalog; path = Images.xcassets; sourceTree = "<group>"; };
		5746150019E375D7008323E0 /* Store.swift */ = {isa = PBXFileReference; fileEncoding = 4; lastKnownFileType = sourcecode.swift; path = Store.swift; sourceTree = "<group>"; };
		5746150219E37884008323E0 /* User.swift */ = {isa = PBXFileReference; fileEncoding = 4; lastKnownFileType = sourcecode.swift; path = User.swift; sourceTree = "<group>"; };
		5746150419E37DD8008323E0 /* StoresNearByViewController.swift */ = {isa = PBXFileReference; fileEncoding = 4; lastKnownFileType = sourcecode.swift; path = StoresNearByViewController.swift; sourceTree = "<group>"; };
		5784C28419C9112B00DDA365 /* SignUpViewController.swift */ = {isa = PBXFileReference; fileEncoding = 4; lastKnownFileType = sourcecode.swift; path = SignUpViewController.swift; sourceTree = "<group>"; };
		5784C28619C916EE00DDA365 /* UserHomePageViewController.swift */ = {isa = PBXFileReference; fileEncoding = 4; lastKnownFileType = sourcecode.swift; path = UserHomePageViewController.swift; sourceTree = "<group>"; };
		5784C28819C9245100DDA365 /* ItemDetailViewController.swift */ = {isa = PBXFileReference; fileEncoding = 4; lastKnownFileType = sourcecode.swift; path = ItemDetailViewController.swift; sourceTree = "<group>"; };
		57E52D7B19EC7BEB00D33DE3 /* KeyChainService.swift */ = {isa = PBXFileReference; fileEncoding = 4; lastKnownFileType = sourcecode.swift; path = KeyChainService.swift; sourceTree = "<group>"; };
		57E52D7D19EE14AF00D33DE3 /* TakePhotoViewController.swift */ = {isa = PBXFileReference; fileEncoding = 4; lastKnownFileType = sourcecode.swift; path = TakePhotoViewController.swift; sourceTree = "<group>"; };
		57FA4B6919E35DAC00BBC5FD /* ItemForSell.swift */ = {isa = PBXFileReference; fileEncoding = 4; lastKnownFileType = sourcecode.swift; path = ItemForSell.swift; sourceTree = "<group>"; };
		709D7D6519ECC2BD0037A03C /* UserSettingViewController.swift */ = {isa = PBXFileReference; fileEncoding = 4; lastKnownFileType = sourcecode.swift; path = UserSettingViewController.swift; sourceTree = "<group>"; };
		70D7785719E36C6400437988 /* UserProfileViewController.swift */ = {isa = PBXFileReference; fileEncoding = 4; lastKnownFileType = sourcecode.swift; path = UserProfileViewController.swift; sourceTree = "<group>"; };
/* End PBXFileReference section */

/* Begin PBXFrameworksBuildPhase section */
		5742031E19C8CF2000A84191 /* Frameworks */ = {
			isa = PBXFrameworksBuildPhase;
			buildActionMask = 2147483647;
			files = (
			);
			runOnlyForDeploymentPostprocessing = 0;
		};
		5742033319C8CF2100A84191 /* Frameworks */ = {
			isa = PBXFrameworksBuildPhase;
			buildActionMask = 2147483647;
			files = (
			);
			runOnlyForDeploymentPostprocessing = 0;
		};
/* End PBXFrameworksBuildPhase section */

/* Begin PBXGroup section */
		5742031819C8CF2000A84191 = {
			isa = PBXGroup;
			children = (
				574614FE19E37138008323E0 /* Images.xcassets */,
				5742032319C8CF2000A84191 /* CollegeTrade */,
				5742033919C8CF2100A84191 /* CollegeTradeTests */,
				5742032219C8CF2000A84191 /* Products */,
			);
			sourceTree = "<group>";
		};
		5742032219C8CF2000A84191 /* Products */ = {
			isa = PBXGroup;
			children = (
				5742032119C8CF2000A84191 /* CollegeTrade.app */,
				5742033619C8CF2100A84191 /* CollegeTradeTests.xctest */,
			);
			name = Products;
			sourceTree = "<group>";
		};
		5742032319C8CF2000A84191 /* CollegeTrade */ = {
			isa = PBXGroup;
			children = (
				5742032619C8CF2000A84191 /* AppDelegate.swift */,
				5746150419E37DD8008323E0 /* StoresNearByViewController.swift */,
				5746150219E37884008323E0 /* User.swift */,
				5742032819C8CF2000A84191 /* LoginViewController.swift */,
				57E52D7B19EC7BEB00D33DE3 /* KeyChainService.swift */,
				5746150019E375D7008323E0 /* Store.swift */,
				57FA4B6919E35DAC00BBC5FD /* ItemForSell.swift */,
				70D7785719E36C6400437988 /* UserProfileViewController.swift */,
				5784C28819C9245100DDA365 /* ItemDetailViewController.swift */,
				5784C28419C9112B00DDA365 /* SignUpViewController.swift */,
				5784C28619C916EE00DDA365 /* UserHomePageViewController.swift */,
				5742032A19C8CF2000A84191 /* Main.storyboard */,
				57E52D7D19EE14AF00D33DE3 /* TakePhotoViewController.swift */,
				5742032F19C8CF2100A84191 /* LaunchScreen.xib */,
				709D7D6519ECC2BD0037A03C /* UserSettingViewController.swift */,
				5742032419C8CF2000A84191 /* Supporting Files */,
			);
			path = CollegeTrade;
			sourceTree = "<group>";
		};
		5742032419C8CF2000A84191 /* Supporting Files */ = {
			isa = PBXGroup;
			children = (
				5742032519C8CF2000A84191 /* Info.plist */,
			);
			name = "Supporting Files";
			sourceTree = "<group>";
		};
		5742033919C8CF2100A84191 /* CollegeTradeTests */ = {
			isa = PBXGroup;
			children = (
				5742033C19C8CF2100A84191 /* CollegeTradeTests.swift */,
				5742033A19C8CF2100A84191 /* Supporting Files */,
			);
			path = CollegeTradeTests;
			sourceTree = "<group>";
		};
		5742033A19C8CF2100A84191 /* Supporting Files */ = {
			isa = PBXGroup;
			children = (
				5742033B19C8CF2100A84191 /* Info.plist */,
			);
			name = "Supporting Files";
			sourceTree = "<group>";
		};
/* End PBXGroup section */

/* Begin PBXNativeTarget section */
		5742032019C8CF2000A84191 /* CollegeTrade */ = {
			isa = PBXNativeTarget;
			buildConfigurationList = 5742034019C8CF2100A84191 /* Build configuration list for PBXNativeTarget "CollegeTrade" */;
			buildPhases = (
				5742031D19C8CF2000A84191 /* Sources */,
				5742031E19C8CF2000A84191 /* Frameworks */,
				5742031F19C8CF2000A84191 /* Resources */,
			);
			buildRules = (
			);
			dependencies = (
			);
			name = CollegeTrade;
			productName = CollegeTrade;
			productReference = 5742032119C8CF2000A84191 /* CollegeTrade.app */;
			productType = "com.apple.product-type.application";
		};
		5742033519C8CF2100A84191 /* CollegeTradeTests */ = {
			isa = PBXNativeTarget;
			buildConfigurationList = 5742034319C8CF2100A84191 /* Build configuration list for PBXNativeTarget "CollegeTradeTests" */;
			buildPhases = (
				5742033219C8CF2100A84191 /* Sources */,
				5742033319C8CF2100A84191 /* Frameworks */,
				5742033419C8CF2100A84191 /* Resources */,
			);
			buildRules = (
			);
			dependencies = (
				5742033819C8CF2100A84191 /* PBXTargetDependency */,
			);
			name = CollegeTradeTests;
			productName = CollegeTradeTests;
			productReference = 5742033619C8CF2100A84191 /* CollegeTradeTests.xctest */;
			productType = "com.apple.product-type.bundle.unit-test";
		};
/* End PBXNativeTarget section */

/* Begin PBXProject section */
		5742031919C8CF2000A84191 /* Project object */ = {
			isa = PBXProject;
			attributes = {
				LastUpgradeCheck = 0600;
				ORGANIZATIONNAME = "Shaoqing Yang";
				TargetAttributes = {
					5742032019C8CF2000A84191 = {
						CreatedOnToolsVersion = 6.0;
					};
					5742033519C8CF2100A84191 = {
						CreatedOnToolsVersion = 6.0;
						TestTargetID = 5742032019C8CF2000A84191;
					};
				};
			};
			buildConfigurationList = 5742031C19C8CF2000A84191 /* Build configuration list for PBXProject "CollegeTrade" */;
			compatibilityVersion = "Xcode 3.2";
			developmentRegion = English;
			hasScannedForEncodings = 0;
			knownRegions = (
				en,
				Base,
			);
			mainGroup = 5742031819C8CF2000A84191;
			productRefGroup = 5742032219C8CF2000A84191 /* Products */;
			projectDirPath = "";
			projectRoot = "";
			targets = (
				5742032019C8CF2000A84191 /* CollegeTrade */,
				5742033519C8CF2100A84191 /* CollegeTradeTests */,
			);
		};
/* End PBXProject section */

/* Begin PBXResourcesBuildPhase section */
		5742031F19C8CF2000A84191 /* Resources */ = {
			isa = PBXResourcesBuildPhase;
			buildActionMask = 2147483647;
			files = (
				574614FF19E37138008323E0 /* Images.xcassets in Resources */,
				5742032C19C8CF2000A84191 /* Main.storyboard in Resources */,
				5742033119C8CF2100A84191 /* LaunchScreen.xib in Resources */,
			);
			runOnlyForDeploymentPostprocessing = 0;
		};
		5742033419C8CF2100A84191 /* Resources */ = {
			isa = PBXResourcesBuildPhase;
			buildActionMask = 2147483647;
			files = (
			);
			runOnlyForDeploymentPostprocessing = 0;
		};
/* End PBXResourcesBuildPhase section */

/* Begin PBXSourcesBuildPhase section */
		5742031D19C8CF2000A84191 /* Sources */ = {
			isa = PBXSourcesBuildPhase;
			buildActionMask = 2147483647;
			files = (
				5746150519E37DD8008323E0 /* StoresNearByViewController.swift in Sources */,
				57FA4B6A19E35DAC00BBC5FD /* ItemForSell.swift in Sources */,
				5784C28919C9245100DDA365 /* ItemDetailViewController.swift in Sources */,
				70D7785819E36C6400437988 /* UserProfileViewController.swift in Sources */,
				5746150119E375D7008323E0 /* Store.swift in Sources */,
				5784C28519C9112B00DDA365 /* SignUpViewController.swift in Sources */,
				5746150319E37884008323E0 /* User.swift in Sources */,
				57E52D7C19EC7BEB00D33DE3 /* KeyChainService.swift in Sources */,
				5742032919C8CF2000A84191 /* LoginViewController.swift in Sources */,
				57E52D7E19EE14AF00D33DE3 /* TakePhotoViewController.swift in Sources */,
				5784C28719C916EE00DDA365 /* UserHomePageViewController.swift in Sources */,
				709D7D6619ECC2BD0037A03C /* UserSettingViewController.swift in Sources */,
				5742032719C8CF2000A84191 /* AppDelegate.swift in Sources */,
			);
			runOnlyForDeploymentPostprocessing = 0;
		};
		5742033219C8CF2100A84191 /* Sources */ = {
			isa = PBXSourcesBuildPhase;
			buildActionMask = 2147483647;
			files = (
				5742033D19C8CF2100A84191 /* CollegeTradeTests.swift in Sources */,
			);
			runOnlyForDeploymentPostprocessing = 0;
		};
/* End PBXSourcesBuildPhase section */

/* Begin PBXTargetDependency section */
		5742033819C8CF2100A84191 /* PBXTargetDependency */ = {
			isa = PBXTargetDependency;
			target = 5742032019C8CF2000A84191 /* CollegeTrade */;
			targetProxy = 5742033719C8CF2100A84191 /* PBXContainerItemProxy */;
		};
/* End PBXTargetDependency section */

/* Begin PBXVariantGroup section */
		5742032A19C8CF2000A84191 /* Main.storyboard */ = {
			isa = PBXVariantGroup;
			children = (
				5742032B19C8CF2000A84191 /* Base */,
			);
			name = Main.storyboard;
			sourceTree = "<group>";
		};
		5742032F19C8CF2100A84191 /* LaunchScreen.xib */ = {
			isa = PBXVariantGroup;
			children = (
				5742033019C8CF2100A84191 /* Base */,
			);
			name = LaunchScreen.xib;
			sourceTree = "<group>";
		};
/* End PBXVariantGroup section */

/* Begin XCBuildConfiguration section */
		5742033E19C8CF2100A84191 /* Debug */ = {
			isa = XCBuildConfiguration;
			buildSettings = {
				ALWAYS_SEARCH_USER_PATHS = NO;
				CLANG_CXX_LANGUAGE_STANDARD = "gnu++0x";
				CLANG_CXX_LIBRARY = "libc++";
				CLANG_ENABLE_MODULES = YES;
				CLANG_ENABLE_OBJC_ARC = YES;
				CLANG_WARN_BOOL_CONVERSION = YES;
				CLANG_WARN_CONSTANT_CONVERSION = YES;
				CLANG_WARN_DIRECT_OBJC_ISA_USAGE = YES_ERROR;
				CLANG_WARN_EMPTY_BODY = YES;
				CLANG_WARN_ENUM_CONVERSION = YES;
				CLANG_WARN_INT_CONVERSION = YES;
				CLANG_WARN_OBJC_ROOT_CLASS = YES_ERROR;
				CLANG_WARN_UNREACHABLE_CODE = YES;
				CLANG_WARN__DUPLICATE_METHOD_MATCH = YES;
				"CODE_SIGN_IDENTITY[sdk=iphoneos*]" = "iPhone Developer";
				COPY_PHASE_STRIP = NO;
				ENABLE_STRICT_OBJC_MSGSEND = YES;
				GCC_C_LANGUAGE_STANDARD = gnu99;
				GCC_DYNAMIC_NO_PIC = NO;
				GCC_OPTIMIZATION_LEVEL = 0;
				GCC_PREPROCESSOR_DEFINITIONS = (
					"DEBUG=1",
					"$(inherited)",
				);
				GCC_SYMBOLS_PRIVATE_EXTERN = NO;
				GCC_WARN_64_TO_32_BIT_CONVERSION = YES;
				GCC_WARN_ABOUT_RETURN_TYPE = YES_ERROR;
				GCC_WARN_UNDECLARED_SELECTOR = YES;
				GCC_WARN_UNINITIALIZED_AUTOS = YES_AGGRESSIVE;
				GCC_WARN_UNUSED_FUNCTION = YES;
				GCC_WARN_UNUSED_VARIABLE = YES;
				IPHONEOS_DEPLOYMENT_TARGET = 8.0;
				MTL_ENABLE_DEBUG_INFO = YES;
				ONLY_ACTIVE_ARCH = YES;
				SDKROOT = iphoneos;
				SWIFT_OPTIMIZATION_LEVEL = "-Onone";
			};
			name = Debug;
		};
		5742033F19C8CF2100A84191 /* Release */ = {
			isa = XCBuildConfiguration;
			buildSettings = {
				ALWAYS_SEARCH_USER_PATHS = NO;
				CLANG_CXX_LANGUAGE_STANDARD = "gnu++0x";
				CLANG_CXX_LIBRARY = "libc++";
				CLANG_ENABLE_MODULES = YES;
				CLANG_ENABLE_OBJC_ARC = YES;
				CLANG_WARN_BOOL_CONVERSION = YES;
				CLANG_WARN_CONSTANT_CONVERSION = YES;
				CLANG_WARN_DIRECT_OBJC_ISA_USAGE = YES_ERROR;
				CLANG_WARN_EMPTY_BODY = YES;
				CLANG_WARN_ENUM_CONVERSION = YES;
				CLANG_WARN_INT_CONVERSION = YES;
				CLANG_WARN_OBJC_ROOT_CLASS = YES_ERROR;
				CLANG_WARN_UNREACHABLE_CODE = YES;
				CLANG_WARN__DUPLICATE_METHOD_MATCH = YES;
				"CODE_SIGN_IDENTITY[sdk=iphoneos*]" = "iPhone Developer";
				COPY_PHASE_STRIP = YES;
				ENABLE_NS_ASSERTIONS = NO;
				ENABLE_STRICT_OBJC_MSGSEND = YES;
				GCC_C_LANGUAGE_STANDARD = gnu99;
				GCC_WARN_64_TO_32_BIT_CONVERSION = YES;
				GCC_WARN_ABOUT_RETURN_TYPE = YES_ERROR;
				GCC_WARN_UNDECLARED_SELECTOR = YES;
				GCC_WARN_UNINITIALIZED_AUTOS = YES_AGGRESSIVE;
				GCC_WARN_UNUSED_FUNCTION = YES;
				GCC_WARN_UNUSED_VARIABLE = YES;
				IPHONEOS_DEPLOYMENT_TARGET = 8.0;
				MTL_ENABLE_DEBUG_INFO = NO;
				SDKROOT = iphoneos;
				VALIDATE_PRODUCT = YES;
			};
			name = Release;
		};
		5742034119C8CF2100A84191 /* Debug */ = {
			isa = XCBuildConfiguration;
			buildSettings = {
				ASSETCATALOG_COMPILER_APPICON_NAME = AppIcon;
				INFOPLIST_FILE = CollegeTrade/Info.plist;
				LD_RUNPATH_SEARCH_PATHS = "$(inherited) @executable_path/Frameworks";
				PRODUCT_NAME = "$(TARGET_NAME)";
				TARGETED_DEVICE_FAMILY = 1;
			};
			name = Debug;
		};
		5742034219C8CF2100A84191 /* Release */ = {
			isa = XCBuildConfiguration;
			buildSettings = {
				ASSETCATALOG_COMPILER_APPICON_NAME = AppIcon;
				INFOPLIST_FILE = CollegeTrade/Info.plist;
				LD_RUNPATH_SEARCH_PATHS = "$(inherited) @executable_path/Frameworks";
				PRODUCT_NAME = "$(TARGET_NAME)";
				TARGETED_DEVICE_FAMILY = 1;
			};
			name = Release;
		};
		5742034419C8CF2100A84191 /* Debug */ = {
			isa = XCBuildConfiguration;
			buildSettings = {
				BUNDLE_LOADER = "$(TEST_HOST)";
				FRAMEWORK_SEARCH_PATHS = (
					"$(SDKROOT)/Developer/Library/Frameworks",
					"$(inherited)",
				);
				GCC_PREPROCESSOR_DEFINITIONS = (
					"DEBUG=1",
					"$(inherited)",
				);
				INFOPLIST_FILE = CollegeTradeTests/Info.plist;
				LD_RUNPATH_SEARCH_PATHS = "$(inherited) @executable_path/Frameworks @loader_path/Frameworks";
				PRODUCT_NAME = "$(TARGET_NAME)";
				TEST_HOST = "$(BUILT_PRODUCTS_DIR)/CollegeTrade.app/CollegeTrade";
			};
			name = Debug;
		};
		5742034519C8CF2100A84191 /* Release */ = {
			isa = XCBuildConfiguration;
			buildSettings = {
				BUNDLE_LOADER = "$(TEST_HOST)";
				FRAMEWORK_SEARCH_PATHS = (
					"$(SDKROOT)/Developer/Library/Frameworks",
					"$(inherited)",
				);
				INFOPLIST_FILE = CollegeTradeTests/Info.plist;
				LD_RUNPATH_SEARCH_PATHS = "$(inherited) @executable_path/Frameworks @loader_path/Frameworks";
				PRODUCT_NAME = "$(TARGET_NAME)";
				TEST_HOST = "$(BUILT_PRODUCTS_DIR)/CollegeTrade.app/CollegeTrade";
			};
			name = Release;
		};
/* End XCBuildConfiguration section */

/* Begin XCConfigurationList section */
		5742031C19C8CF2000A84191 /* Build configuration list for PBXProject "CollegeTrade" */ = {
			isa = XCConfigurationList;
			buildConfigurations = (
				5742033E19C8CF2100A84191 /* Debug */,
				5742033F19C8CF2100A84191 /* Release */,
			);
			defaultConfigurationIsVisible = 0;
			defaultConfigurationName = Release;
		};
		5742034019C8CF2100A84191 /* Build configuration list for PBXNativeTarget "CollegeTrade" */ = {
			isa = XCConfigurationList;
			buildConfigurations = (
				5742034119C8CF2100A84191 /* Debug */,
				5742034219C8CF2100A84191 /* Release */,
			);
			defaultConfigurationIsVisible = 0;
			defaultConfigurationName = Release;
		};
		5742034319C8CF2100A84191 /* Build configuration list for PBXNativeTarget "CollegeTradeTests" */ = {
			isa = XCConfigurationList;
			buildConfigurations = (
				5742034419C8CF2100A84191 /* Debug */,
				5742034519C8CF2100A84191 /* Release */,
			);
			defaultConfigurationIsVisible = 0;
			defaultConfigurationName = Release;
		};
/* End XCConfigurationList section */
	};
	rootObject = 5742031919C8CF2000A84191 /* Project object */;
}
