// !$*UTF8*$!
{
	archiveVersion = 1;
	classes = {
	};
	objectVersion = 46;
	objects = {

/* Begin PBXBuildFile section */
		5731621A19FEC0CB00F17821 /* Constants.swift in Sources */ = {isa = PBXBuildFile; fileRef = 5731621919FEC0CB00F17821 /* Constants.swift */; };
		5731621C19FEC10500F17821 /* UpYunHelper.swift in Sources */ = {isa = PBXBuildFile; fileRef = 5731621B19FEC10500F17821 /* UpYunHelper.swift */; };
		5731621E19FEC2D800F17821 /* SwiftMD5.swift in Sources */ = {isa = PBXBuildFile; fileRef = 5731621D19FEC2D800F17821 /* SwiftMD5.swift */; };
		5742032719C8CF2000A84191 /* AppDelegate.swift in Sources */ = {isa = PBXBuildFile; fileRef = 5742032619C8CF2000A84191 /* AppDelegate.swift */; };
		5742032919C8CF2000A84191 /* LoginViewController.swift in Sources */ = {isa = PBXBuildFile; fileRef = 5742032819C8CF2000A84191 /* LoginViewController.swift */; };
		5742032C19C8CF2000A84191 /* Main.storyboard in Resources */ = {isa = PBXBuildFile; fileRef = 5742032A19C8CF2000A84191 /* Main.storyboard */; };
		5742033119C8CF2100A84191 /* LaunchScreen.xib in Resources */ = {isa = PBXBuildFile; fileRef = 5742032F19C8CF2100A84191 /* LaunchScreen.xib */; };
		5742033D19C8CF2100A84191 /* CollegeTradeTests.swift in Sources */ = {isa = PBXBuildFile; fileRef = 5742033C19C8CF2100A84191 /* CollegeTradeTests.swift */; };
		574614FF19E37138008323E0 /* Images.xcassets in Resources */ = {isa = PBXBuildFile; fileRef = 574614FE19E37138008323E0 /* Images.xcassets */; };
		5746150119E375D7008323E0 /* Store.swift in Sources */ = {isa = PBXBuildFile; fileRef = 5746150019E375D7008323E0 /* Store.swift */; };
		5746150319E37884008323E0 /* User.swift in Sources */ = {isa = PBXBuildFile; fileRef = 5746150219E37884008323E0 /* User.swift */; };
		5746150519E37DD8008323E0 /* StoresNearByViewController.swift in Sources */ = {isa = PBXBuildFile; fileRef = 5746150419E37DD8008323E0 /* StoresNearByViewController.swift */; };
		5779465F19FF4D8000B2512F /* UserStoreHomePageViewController.swift in Sources */ = {isa = PBXBuildFile; fileRef = 5779465E19FF4D8000B2512F /* UserStoreHomePageViewController.swift */; };
		5779466119FF58FD00B2512F /* NewItemForSellViewController.swift in Sources */ = {isa = PBXBuildFile; fileRef = 5779466019FF58FD00B2512F /* NewItemForSellViewController.swift */; };
		577E4BBA1A01D677004B1111 /* NewOrderViewController.swift in Sources */ = {isa = PBXBuildFile; fileRef = 577E4BB91A01D677004B1111 /* NewOrderViewController.swift */; };
		577E4BBC1A01F2B4004B1111 /* StoreHomePageViewController.swift in Sources */ = {isa = PBXBuildFile; fileRef = 577E4BBB1A01F2B4004B1111 /* StoreHomePageViewController.swift */; };
		5784C28519C9112B00DDA365 /* SignUpViewController.swift in Sources */ = {isa = PBXBuildFile; fileRef = 5784C28419C9112B00DDA365 /* SignUpViewController.swift */; };
		5784C28719C916EE00DDA365 /* UserHomePageViewController.swift in Sources */ = {isa = PBXBuildFile; fileRef = 5784C28619C916EE00DDA365 /* UserHomePageViewController.swift */; };
		5784C28919C9245100DDA365 /* ItemDetailViewController.swift in Sources */ = {isa = PBXBuildFile; fileRef = 5784C28819C9245100DDA365 /* ItemDetailViewController.swift */; };
		57908E0719F5F4B900179925 /* SearchItemAPIController.swift in Sources */ = {isa = PBXBuildFile; fileRef = 57908E0619F5F4B900179925 /* SearchItemAPIController.swift */; };
		57908E0919F741D900179925 /* DataBaseAPIHelper.swift in Sources */ = {isa = PBXBuildFile; fileRef = 57908E0819F741D900179925 /* DataBaseAPIHelper.swift */; };
		57ACA0771A006C5400A88172 /* FriendListAPIController.swift in Sources */ = {isa = PBXBuildFile; fileRef = 57ACA0761A006C5400A88172 /* FriendListAPIController.swift */; };
		57ACA0791A006F2000A88172 /* ChatWithFriendViewController.swift in Sources */ = {isa = PBXBuildFile; fileRef = 57ACA0781A006F2000A88172 /* ChatWithFriendViewController.swift */; };
		57D837811A00A1710078760C /* AddFriendToChatViewController.swift in Sources */ = {isa = PBXBuildFile; fileRef = 57D837801A00A1710078760C /* AddFriendToChatViewController.swift */; };
		57D837831A0152AF0078760C /* OrderViewController.swift in Sources */ = {isa = PBXBuildFile; fileRef = 57D837821A0152AF0078760C /* OrderViewController.swift */; };
		57D837851A0156A60078760C /* OrderAPIHelper.swift in Sources */ = {isa = PBXBuildFile; fileRef = 57D837841A0156A50078760C /* OrderAPIHelper.swift */; };
		57D837871A015C880078760C /* OrderDetailViewController.swift in Sources */ = {isa = PBXBuildFile; fileRef = 57D837861A015C880078760C /* OrderDetailViewController.swift */; };
		57D837891A017AB50078760C /* FriendRequestViewController.swift in Sources */ = {isa = PBXBuildFile; fileRef = 57D837881A017AB50078760C /* FriendRequestViewController.swift */; };
		57E52D7C19EC7BEB00D33DE3 /* KeyChainService.swift in Sources */ = {isa = PBXBuildFile; fileRef = 57E52D7B19EC7BEB00D33DE3 /* KeyChainService.swift */; };
		57E52D7E19EE14AF00D33DE3 /* TakePhotoViewController.swift in Sources */ = {isa = PBXBuildFile; fileRef = 57E52D7D19EE14AF00D33DE3 /* TakePhotoViewController.swift */; };
		57E52D8019EEEC5500D33DE3 /* Protocol.swift in Sources */ = {isa = PBXBuildFile; fileRef = 57E52D7F19EEEC5500D33DE3 /* Protocol.swift */; };
		57F288551A0020500026949D /* PagedImageScrollView.m in Sources */ = {isa = PBXBuildFile; fileRef = 57F288541A0020500026949D /* PagedImageScrollView.m */; };
		57F288B61A00306C0026949D /* libEaseMobClientSDKLite.a in Frameworks */ = {isa = PBXBuildFile; fileRef = 57F288B31A00306C0026949D /* libEaseMobClientSDKLite.a */; };
		57F288B71A00306C0026949D /* EaseMob.bundle in Resources */ = {isa = PBXBuildFile; fileRef = 57F288B51A00306C0026949D /* EaseMob.bundle */; };
		57F288B91A00314F0026949D /* CoreGraphics.framework in Frameworks */ = {isa = PBXBuildFile; fileRef = 57F288B81A00314F0026949D /* CoreGraphics.framework */; };
		57F288BB1A0031C90026949D /* Foundation.framework in Frameworks */ = {isa = PBXBuildFile; fileRef = 57F288BA1A0031C90026949D /* Foundation.framework */; };
		57F288BD1A0031E40026949D /* libxml2.dylib in Frameworks */ = {isa = PBXBuildFile; fileRef = 57F288BC1A0031E40026949D /* libxml2.dylib */; };
		57F288BF1A0031ED0026949D /* libstdc++.dylib in Frameworks */ = {isa = PBXBuildFile; fileRef = 57F288BE1A0031ED0026949D /* libstdc++.dylib */; };
		57F288C11A0031F30026949D /* libz.dylib in Frameworks */ = {isa = PBXBuildFile; fileRef = 57F288C01A0031F30026949D /* libz.dylib */; };
		57F288C31A0031F90026949D /* CFNetwork.framework in Frameworks */ = {isa = PBXBuildFile; fileRef = 57F288C21A0031F90026949D /* CFNetwork.framework */; };
		57F288C51A0031FF0026949D /* AddressBook.framework in Frameworks */ = {isa = PBXBuildFile; fileRef = 57F288C41A0031FF0026949D /* AddressBook.framework */; };
		57F288C71A0032060026949D /* libiconv.dylib in Frameworks */ = {isa = PBXBuildFile; fileRef = 57F288C61A0032060026949D /* libiconv.dylib */; };
		57F288C91A00320E0026949D /* libresolv.dylib in Frameworks */ = {isa = PBXBuildFile; fileRef = 57F288C81A00320E0026949D /* libresolv.dylib */; };
		57F288CB1A0032140026949D /* MobileCoreServices.framework in Frameworks */ = {isa = PBXBuildFile; fileRef = 57F288CA1A0032140026949D /* MobileCoreServices.framework */; };
		57F288CD1A00321B0026949D /* UIKit.framework in Frameworks */ = {isa = PBXBuildFile; fileRef = 57F288CC1A00321B0026949D /* UIKit.framework */; };
		57F28B061A00507F0026949D /* FriendListViewController.swift in Sources */ = {isa = PBXBuildFile; fileRef = 57F28B051A00507F0026949D /* FriendListViewController.swift */; };
		57FA4B6A19E35DAC00BBC5FD /* ItemForSell.swift in Sources */ = {isa = PBXBuildFile; fileRef = 57FA4B6919E35DAC00BBC5FD /* ItemForSell.swift */; };
		704E76581A0082CC0057EE39 /* UserSettingTableViewController.swift in Sources */ = {isa = PBXBuildFile; fileRef = 704E76571A0082CC0057EE39 /* UserSettingTableViewController.swift */; };
		709D7D6619ECC2BD0037A03C /* UserSettingViewController.swift in Sources */ = {isa = PBXBuildFile; fileRef = 709D7D6519ECC2BD0037A03C /* UserSettingViewController.swift */; };
		70D7785819E36C6400437988 /* UserProfileViewController.swift in Sources */ = {isa = PBXBuildFile; fileRef = 70D7785719E36C6400437988 /* UserProfileViewController.swift */; };
		70D819B619F7487C0092CBAF /* SwitchCell.swift in Sources */ = {isa = PBXBuildFile; fileRef = 70D819B519F7487C0092CBAF /* SwitchCell.swift */; };
		70D819BC19F752770092CBAF /* randomcat1.png in Resources */ = {isa = PBXBuildFile; fileRef = 70D819BB19F752770092CBAF /* randomcat1.png */; };
		70DF05AB1A0200870068B128 /* SwipePageViewController.swift in Sources */ = {isa = PBXBuildFile; fileRef = 70DF05AA1A0200870068B128 /* SwipePageViewController.swift */; };
		70DF05AD1A0206020068B128 /* SwipePageContentViewController.swift in Sources */ = {isa = PBXBuildFile; fileRef = 70DF05AC1A0206020068B128 /* SwipePageContentViewController.swift */; };
		FF14D5532EC153A88182F49D /* libPods.a in Frameworks */ = {isa = PBXBuildFile; fileRef = 6404A3F56B88EBB2765C06C6 /* libPods.a */; };
/* End PBXBuildFile section */

/* Begin PBXContainerItemProxy section */
		5742033719C8CF2100A84191 /* PBXContainerItemProxy */ = {
			isa = PBXContainerItemProxy;
			containerPortal = 5742031919C8CF2000A84191 /* Project object */;
			proxyType = 1;
			remoteGlobalIDString = 5742032019C8CF2000A84191;
			remoteInfo = CollegeTrade;
		};
/* End PBXContainerItemProxy section */

/* Begin PBXFileReference section */
		1173F90AE60D701C199A49DE /* Pods.debug.xcconfig */ = {isa = PBXFileReference; includeInIndex = 1; lastKnownFileType = text.xcconfig; name = Pods.debug.xcconfig; path = "Pods/Target Support Files/Pods/Pods.debug.xcconfig"; sourceTree = "<group>"; };
		5731621919FEC0CB00F17821 /* Constants.swift */ = {isa = PBXFileReference; fileEncoding = 4; lastKnownFileType = sourcecode.swift; path = Constants.swift; sourceTree = "<group>"; };
		5731621B19FEC10500F17821 /* UpYunHelper.swift */ = {isa = PBXFileReference; fileEncoding = 4; lastKnownFileType = sourcecode.swift; path = UpYunHelper.swift; sourceTree = "<group>"; };
		5731621D19FEC2D800F17821 /* SwiftMD5.swift */ = {isa = PBXFileReference; fileEncoding = 4; lastKnownFileType = sourcecode.swift; path = SwiftMD5.swift; sourceTree = "<group>"; };
		5731622019FEC4AB00F17821 /* CollegeTrade-Bridging-Header.h */ = {isa = PBXFileReference; lastKnownFileType = sourcecode.c.h; path = "CollegeTrade-Bridging-Header.h"; sourceTree = SOURCE_ROOT; };
		5742032119C8CF2000A84191 /* CollegeTrade.app */ = {isa = PBXFileReference; explicitFileType = wrapper.application; includeInIndex = 0; path = CollegeTrade.app; sourceTree = BUILT_PRODUCTS_DIR; };
		5742032519C8CF2000A84191 /* Info.plist */ = {isa = PBXFileReference; lastKnownFileType = text.plist.xml; path = Info.plist; sourceTree = "<group>"; };
		5742032619C8CF2000A84191 /* AppDelegate.swift */ = {isa = PBXFileReference; lastKnownFileType = sourcecode.swift; path = AppDelegate.swift; sourceTree = "<group>"; };
		5742032819C8CF2000A84191 /* LoginViewController.swift */ = {isa = PBXFileReference; lastKnownFileType = sourcecode.swift; path = LoginViewController.swift; sourceTree = "<group>"; };
		5742032B19C8CF2000A84191 /* Base */ = {isa = PBXFileReference; lastKnownFileType = file.storyboard; name = Base; path = Base.lproj/Main.storyboard; sourceTree = "<group>"; };
		5742033019C8CF2100A84191 /* Base */ = {isa = PBXFileReference; lastKnownFileType = file.xib; name = Base; path = Base.lproj/LaunchScreen.xib; sourceTree = "<group>"; };
		5742033619C8CF2100A84191 /* CollegeTradeTests.xctest */ = {isa = PBXFileReference; explicitFileType = wrapper.cfbundle; includeInIndex = 0; path = CollegeTradeTests.xctest; sourceTree = BUILT_PRODUCTS_DIR; };
		5742033B19C8CF2100A84191 /* Info.plist */ = {isa = PBXFileReference; lastKnownFileType = text.plist.xml; path = Info.plist; sourceTree = "<group>"; };
		5742033C19C8CF2100A84191 /* CollegeTradeTests.swift */ = {isa = PBXFileReference; lastKnownFileType = sourcecode.swift; path = CollegeTradeTests.swift; sourceTree = "<group>"; };
		574614FE19E37138008323E0 /* Images.xcassets */ = {isa = PBXFileReference; lastKnownFileType = folder.assetcatalog; path = Images.xcassets; sourceTree = "<group>"; };
		5746150019E375D7008323E0 /* Store.swift */ = {isa = PBXFileReference; fileEncoding = 4; lastKnownFileType = sourcecode.swift; path = Store.swift; sourceTree = "<group>"; };
		5746150219E37884008323E0 /* User.swift */ = {isa = PBXFileReference; fileEncoding = 4; lastKnownFileType = sourcecode.swift; path = User.swift; sourceTree = "<group>"; };
		5746150419E37DD8008323E0 /* StoresNearByViewController.swift */ = {isa = PBXFileReference; fileEncoding = 4; lastKnownFileType = sourcecode.swift; path = StoresNearByViewController.swift; sourceTree = "<group>"; };
		5779465E19FF4D8000B2512F /* UserStoreHomePageViewController.swift */ = {isa = PBXFileReference; fileEncoding = 4; lastKnownFileType = sourcecode.swift; path = UserStoreHomePageViewController.swift; sourceTree = "<group>"; };
		5779466019FF58FD00B2512F /* NewItemForSellViewController.swift */ = {isa = PBXFileReference; fileEncoding = 4; lastKnownFileType = sourcecode.swift; path = NewItemForSellViewController.swift; sourceTree = "<group>"; };
		577E4BB91A01D677004B1111 /* NewOrderViewController.swift */ = {isa = PBXFileReference; fileEncoding = 4; lastKnownFileType = sourcecode.swift; path = NewOrderViewController.swift; sourceTree = "<group>"; };
		577E4BBB1A01F2B4004B1111 /* StoreHomePageViewController.swift */ = {isa = PBXFileReference; fileEncoding = 4; lastKnownFileType = sourcecode.swift; path = StoreHomePageViewController.swift; sourceTree = "<group>"; };
		5784C28419C9112B00DDA365 /* SignUpViewController.swift */ = {isa = PBXFileReference; fileEncoding = 4; lastKnownFileType = sourcecode.swift; path = SignUpViewController.swift; sourceTree = "<group>"; };
		5784C28619C916EE00DDA365 /* UserHomePageViewController.swift */ = {isa = PBXFileReference; fileEncoding = 4; lastKnownFileType = sourcecode.swift; path = UserHomePageViewController.swift; sourceTree = "<group>"; };
		5784C28819C9245100DDA365 /* ItemDetailViewController.swift */ = {isa = PBXFileReference; fileEncoding = 4; lastKnownFileType = sourcecode.swift; path = ItemDetailViewController.swift; sourceTree = "<group>"; };
		57908E0619F5F4B900179925 /* SearchItemAPIController.swift */ = {isa = PBXFileReference; fileEncoding = 4; lastKnownFileType = sourcecode.swift; path = SearchItemAPIController.swift; sourceTree = "<group>"; };
		57908E0819F741D900179925 /* DataBaseAPIHelper.swift */ = {isa = PBXFileReference; fileEncoding = 4; lastKnownFileType = sourcecode.swift; path = DataBaseAPIHelper.swift; sourceTree = "<group>"; };
		57ACA0761A006C5400A88172 /* FriendListAPIController.swift */ = {isa = PBXFileReference; fileEncoding = 4; lastKnownFileType = sourcecode.swift; path = FriendListAPIController.swift; sourceTree = "<group>"; };
		57ACA0781A006F2000A88172 /* ChatWithFriendViewController.swift */ = {isa = PBXFileReference; fileEncoding = 4; lastKnownFileType = sourcecode.swift; path = ChatWithFriendViewController.swift; sourceTree = "<group>"; };
		57D837801A00A1710078760C /* AddFriendToChatViewController.swift */ = {isa = PBXFileReference; fileEncoding = 4; lastKnownFileType = sourcecode.swift; path = AddFriendToChatViewController.swift; sourceTree = "<group>"; };
		57D837821A0152AF0078760C /* OrderViewController.swift */ = {isa = PBXFileReference; fileEncoding = 4; lastKnownFileType = sourcecode.swift; path = OrderViewController.swift; sourceTree = "<group>"; };
		57D837841A0156A50078760C /* OrderAPIHelper.swift */ = {isa = PBXFileReference; fileEncoding = 4; lastKnownFileType = sourcecode.swift; path = OrderAPIHelper.swift; sourceTree = "<group>"; };
		57D837861A015C880078760C /* OrderDetailViewController.swift */ = {isa = PBXFileReference; fileEncoding = 4; lastKnownFileType = sourcecode.swift; path = OrderDetailViewController.swift; sourceTree = "<group>"; };
		57D837881A017AB50078760C /* FriendRequestViewController.swift */ = {isa = PBXFileReference; fileEncoding = 4; lastKnownFileType = sourcecode.swift; path = FriendRequestViewController.swift; sourceTree = "<group>"; };
		57E52D7B19EC7BEB00D33DE3 /* KeyChainService.swift */ = {isa = PBXFileReference; fileEncoding = 4; lastKnownFileType = sourcecode.swift; path = KeyChainService.swift; sourceTree = "<group>"; };
		57E52D7D19EE14AF00D33DE3 /* TakePhotoViewController.swift */ = {isa = PBXFileReference; fileEncoding = 4; lastKnownFileType = sourcecode.swift; path = TakePhotoViewController.swift; sourceTree = "<group>"; };
		57E52D7F19EEEC5500D33DE3 /* Protocol.swift */ = {isa = PBXFileReference; fileEncoding = 4; lastKnownFileType = sourcecode.swift; path = Protocol.swift; sourceTree = "<group>"; };
		57F288531A0020500026949D /* PagedImageScrollView.h */ = {isa = PBXFileReference; fileEncoding = 4; lastKnownFileType = sourcecode.c.h; path = PagedImageScrollView.h; sourceTree = "<group>"; };
		57F288541A0020500026949D /* PagedImageScrollView.m */ = {isa = PBXFileReference; fileEncoding = 4; lastKnownFileType = sourcecode.c.objc; path = PagedImageScrollView.m; sourceTree = "<group>"; };
		57F2885B1A00306C0026949D /* IChatManagerDelegate.h */ = {isa = PBXFileReference; fileEncoding = 4; lastKnownFileType = sourcecode.c.h; path = IChatManagerDelegate.h; sourceTree = "<group>"; };
		57F2885D1A00306C0026949D /* EMChatManagerBuddyDelegate.h */ = {isa = PBXFileReference; fileEncoding = 4; lastKnownFileType = sourcecode.c.h; path = EMChatManagerBuddyDelegate.h; sourceTree = "<group>"; };
		57F2885E1A00306C0026949D /* EMChatManagerChatDelegate.h */ = {isa = PBXFileReference; fileEncoding = 4; lastKnownFileType = sourcecode.c.h; path = EMChatManagerChatDelegate.h; sourceTree = "<group>"; };
		57F2885F1A00306C0026949D /* EMChatManagerDelegate.h */ = {isa = PBXFileReference; fileEncoding = 4; lastKnownFileType = sourcecode.c.h; path = EMChatManagerDelegate.h; sourceTree = "<group>"; };
		57F288601A00306C0026949D /* EMChatManagerDelegateBase.h */ = {isa = PBXFileReference; fileEncoding = 4; lastKnownFileType = sourcecode.c.h; path = EMChatManagerDelegateBase.h; sourceTree = "<group>"; };
		57F288611A00306C0026949D /* EMChatManagerEncryptionDelegate.h */ = {isa = PBXFileReference; fileEncoding = 4; lastKnownFileType = sourcecode.c.h; path = EMChatManagerEncryptionDelegate.h; sourceTree = "<group>"; };
		57F288621A00306C0026949D /* EMChatManagerGroupDelegate.h */ = {isa = PBXFileReference; fileEncoding = 4; lastKnownFileType = sourcecode.c.h; path = EMChatManagerGroupDelegate.h; sourceTree = "<group>"; };
		57F288631A00306C0026949D /* EMChatManagerLoginDelegate.h */ = {isa = PBXFileReference; fileEncoding = 4; lastKnownFileType = sourcecode.c.h; path = EMChatManagerLoginDelegate.h; sourceTree = "<group>"; };
		57F288641A00306C0026949D /* EMChatManagerMediaDelegate.h */ = {isa = PBXFileReference; fileEncoding = 4; lastKnownFileType = sourcecode.c.h; path = EMChatManagerMediaDelegate.h; sourceTree = "<group>"; };
		57F288651A00306C0026949D /* EMChatManagerPushNotificationDelegate.h */ = {isa = PBXFileReference; fileEncoding = 4; lastKnownFileType = sourcecode.c.h; path = EMChatManagerPushNotificationDelegate.h; sourceTree = "<group>"; };
		57F288661A00306C0026949D /* EMChatManagerUtilDelegate.h */ = {isa = PBXFileReference; fileEncoding = 4; lastKnownFileType = sourcecode.c.h; path = EMChatManagerUtilDelegate.h; sourceTree = "<group>"; };
		57F288671A00306C0026949D /* IChatManager.h */ = {isa = PBXFileReference; fileEncoding = 4; lastKnownFileType = sourcecode.c.h; path = IChatManager.h; sourceTree = "<group>"; };
		57F288691A00306C0026949D /* IChatManagerBase.h */ = {isa = PBXFileReference; fileEncoding = 4; lastKnownFileType = sourcecode.c.h; path = IChatManagerBase.h; sourceTree = "<group>"; };
		57F2886A1A00306C0026949D /* IChatManagerBuddy.h */ = {isa = PBXFileReference; fileEncoding = 4; lastKnownFileType = sourcecode.c.h; path = IChatManagerBuddy.h; sourceTree = "<group>"; };
		57F2886B1A00306C0026949D /* IChatManagerChat.h */ = {isa = PBXFileReference; fileEncoding = 4; lastKnownFileType = sourcecode.c.h; path = IChatManagerChat.h; sourceTree = "<group>"; };
		57F2886C1A00306C0026949D /* IChatManagerConversation.h */ = {isa = PBXFileReference; fileEncoding = 4; lastKnownFileType = sourcecode.c.h; path = IChatManagerConversation.h; sourceTree = "<group>"; };
		57F2886D1A00306C0026949D /* IChatManagerEncryption.h */ = {isa = PBXFileReference; fileEncoding = 4; lastKnownFileType = sourcecode.c.h; path = IChatManagerEncryption.h; sourceTree = "<group>"; };
		57F2886E1A00306C0026949D /* IChatManagerGroup.h */ = {isa = PBXFileReference; fileEncoding = 4; lastKnownFileType = sourcecode.c.h; path = IChatManagerGroup.h; sourceTree = "<group>"; };
		57F2886F1A00306C0026949D /* IChatManagerLogin.h */ = {isa = PBXFileReference; fileEncoding = 4; lastKnownFileType = sourcecode.c.h; path = IChatManagerLogin.h; sourceTree = "<group>"; };
		57F288701A00306C0026949D /* IChatManagerMedia.h */ = {isa = PBXFileReference; fileEncoding = 4; lastKnownFileType = sourcecode.c.h; path = IChatManagerMedia.h; sourceTree = "<group>"; };
		57F288711A00306C0026949D /* IChatManagerPushNotification.h */ = {isa = PBXFileReference; fileEncoding = 4; lastKnownFileType = sourcecode.c.h; path = IChatManagerPushNotification.h; sourceTree = "<group>"; };
		57F288721A00306C0026949D /* IChatManagerSettingOptions.h */ = {isa = PBXFileReference; fileEncoding = 4; lastKnownFileType = sourcecode.c.h; path = IChatManagerSettingOptions.h; sourceTree = "<group>"; };
		57F288731A00306C0026949D /* IChatManagerUtil.h */ = {isa = PBXFileReference; fileEncoding = 4; lastKnownFileType = sourcecode.c.h; path = IChatManagerUtil.h; sourceTree = "<group>"; };
		57F288751A00306C0026949D /* EMAnonymityHelper.h */ = {isa = PBXFileReference; fileEncoding = 4; lastKnownFileType = sourcecode.c.h; path = EMAnonymityHelper.h; sourceTree = "<group>"; };
		57F288761A00306C0026949D /* EMBuddy.h */ = {isa = PBXFileReference; fileEncoding = 4; lastKnownFileType = sourcecode.c.h; path = EMBuddy.h; sourceTree = "<group>"; };
		57F288771A00306C0026949D /* EMBuddyGroup.h */ = {isa = PBXFileReference; fileEncoding = 4; lastKnownFileType = sourcecode.c.h; path = EMBuddyGroup.h; sourceTree = "<group>"; };
		57F288781A00306C0026949D /* EMChatCommand.h */ = {isa = PBXFileReference; fileEncoding = 4; lastKnownFileType = sourcecode.c.h; path = EMChatCommand.h; sourceTree = "<group>"; };
		57F288791A00306C0026949D /* EMChatFile.h */ = {isa = PBXFileReference; fileEncoding = 4; lastKnownFileType = sourcecode.c.h; path = EMChatFile.h; sourceTree = "<group>"; };
		57F2887A1A00306C0026949D /* EMChatImage.h */ = {isa = PBXFileReference; fileEncoding = 4; lastKnownFileType = sourcecode.c.h; path = EMChatImage.h; sourceTree = "<group>"; };
		57F2887B1A00306C0026949D /* EMChatLocation.h */ = {isa = PBXFileReference; fileEncoding = 4; lastKnownFileType = sourcecode.c.h; path = EMChatLocation.h; sourceTree = "<group>"; };
		57F2887C1A00306C0026949D /* EMChatServiceDefs.h */ = {isa = PBXFileReference; fileEncoding = 4; lastKnownFileType = sourcecode.c.h; path = EMChatServiceDefs.h; sourceTree = "<group>"; };
		57F2887D1A00306C0026949D /* EMChatText.h */ = {isa = PBXFileReference; fileEncoding = 4; lastKnownFileType = sourcecode.c.h; path = EMChatText.h; sourceTree = "<group>"; };
		57F2887E1A00306C0026949D /* EMChatVideo.h */ = {isa = PBXFileReference; fileEncoding = 4; lastKnownFileType = sourcecode.c.h; path = EMChatVideo.h; sourceTree = "<group>"; };
		57F2887F1A00306C0026949D /* EMChatVoice.h */ = {isa = PBXFileReference; fileEncoding = 4; lastKnownFileType = sourcecode.c.h; path = EMChatVoice.h; sourceTree = "<group>"; };
		57F288801A00306C0026949D /* EMCommandMessageBody.h */ = {isa = PBXFileReference; fileEncoding = 4; lastKnownFileType = sourcecode.c.h; path = EMCommandMessageBody.h; sourceTree = "<group>"; };
		57F288811A00306C0026949D /* EMConversation.h */ = {isa = PBXFileReference; fileEncoding = 4; lastKnownFileType = sourcecode.c.h; path = EMConversation.h; sourceTree = "<group>"; };
		57F288821A00306C0026949D /* EMFileMessageBody.h */ = {isa = PBXFileReference; fileEncoding = 4; lastKnownFileType = sourcecode.c.h; path = EMFileMessageBody.h; sourceTree = "<group>"; };
		57F288831A00306C0026949D /* EMGroup.h */ = {isa = PBXFileReference; fileEncoding = 4; lastKnownFileType = sourcecode.c.h; path = EMGroup.h; sourceTree = "<group>"; };
		57F288841A00306C0026949D /* EMGroupStyleSetting.h */ = {isa = PBXFileReference; fileEncoding = 4; lastKnownFileType = sourcecode.c.h; path = EMGroupStyleSetting.h; sourceTree = "<group>"; };
		57F288851A00306C0026949D /* EMImageMessageBody.h */ = {isa = PBXFileReference; fileEncoding = 4; lastKnownFileType = sourcecode.c.h; path = EMImageMessageBody.h; sourceTree = "<group>"; };
		57F288861A00306C0026949D /* EMLocationMessageBody.h */ = {isa = PBXFileReference; fileEncoding = 4; lastKnownFileType = sourcecode.c.h; path = EMLocationMessageBody.h; sourceTree = "<group>"; };
		57F288871A00306C0026949D /* EMMessage.h */ = {isa = PBXFileReference; fileEncoding = 4; lastKnownFileType = sourcecode.c.h; path = EMMessage.h; sourceTree = "<group>"; };
		57F288881A00306C0026949D /* EMPushNotificationOptions.h */ = {isa = PBXFileReference; fileEncoding = 4; lastKnownFileType = sourcecode.c.h; path = EMPushNotificationOptions.h; sourceTree = "<group>"; };
		57F288891A00306C0026949D /* EMReceiptBase.h */ = {isa = PBXFileReference; fileEncoding = 4; lastKnownFileType = sourcecode.c.h; path = EMReceiptBase.h; sourceTree = "<group>"; };
		57F2888A1A00306C0026949D /* EMReceiptReq.h */ = {isa = PBXFileReference; fileEncoding = 4; lastKnownFileType = sourcecode.c.h; path = EMReceiptReq.h; sourceTree = "<group>"; };
		57F2888B1A00306C0026949D /* EMReceiptResp.h */ = {isa = PBXFileReference; fileEncoding = 4; lastKnownFileType = sourcecode.c.h; path = EMReceiptResp.h; sourceTree = "<group>"; };
		57F2888C1A00306C0026949D /* EMTextMessageBody.h */ = {isa = PBXFileReference; fileEncoding = 4; lastKnownFileType = sourcecode.c.h; path = EMTextMessageBody.h; sourceTree = "<group>"; };
		57F2888D1A00306C0026949D /* EMVideoMessageBody.h */ = {isa = PBXFileReference; fileEncoding = 4; lastKnownFileType = sourcecode.c.h; path = EMVideoMessageBody.h; sourceTree = "<group>"; };
		57F2888E1A00306C0026949D /* EMVoiceMessageBody.h */ = {isa = PBXFileReference; fileEncoding = 4; lastKnownFileType = sourcecode.c.h; path = EMVoiceMessageBody.h; sourceTree = "<group>"; };
		57F2888F1A00306C0026949D /* IChatImageOptions.h */ = {isa = PBXFileReference; fileEncoding = 4; lastKnownFileType = sourcecode.c.h; path = IChatImageOptions.h; sourceTree = "<group>"; };
		57F288901A00306C0026949D /* IEMChatCryptor.h */ = {isa = PBXFileReference; fileEncoding = 4; lastKnownFileType = sourcecode.c.h; path = IEMChatCryptor.h; sourceTree = "<group>"; };
		57F288911A00306C0026949D /* IEMChatFile.h */ = {isa = PBXFileReference; fileEncoding = 4; lastKnownFileType = sourcecode.c.h; path = IEMChatFile.h; sourceTree = "<group>"; };
		57F288921A00306C0026949D /* IEMChatObject.h */ = {isa = PBXFileReference; fileEncoding = 4; lastKnownFileType = sourcecode.c.h; path = IEMChatObject.h; sourceTree = "<group>"; };
		57F288931A00306C0026949D /* IEMChatProgressDelegate.h */ = {isa = PBXFileReference; fileEncoding = 4; lastKnownFileType = sourcecode.c.h; path = IEMChatProgressDelegate.h; sourceTree = "<group>"; };
		57F288941A00306C0026949D /* IEMFileMessageBody.h */ = {isa = PBXFileReference; fileEncoding = 4; lastKnownFileType = sourcecode.c.h; path = IEMFileMessageBody.h; sourceTree = "<group>"; };
		57F288951A00306C0026949D /* IEMMessageBody.h */ = {isa = PBXFileReference; fileEncoding = 4; lastKnownFileType = sourcecode.c.h; path = IEMMessageBody.h; sourceTree = "<group>"; };
		57F288971A00306C0026949D /* EaseMob.h */ = {isa = PBXFileReference; fileEncoding = 4; lastKnownFileType = sourcecode.c.h; path = EaseMob.h; sourceTree = "<group>"; };
		57F288981A00306C0026949D /* EaseMobHeaders.h */ = {isa = PBXFileReference; fileEncoding = 4; lastKnownFileType = sourcecode.c.h; path = EaseMobHeaders.h; sourceTree = "<group>"; };
		57F2889A1A00306C0026949D /* commonDefs.h */ = {isa = PBXFileReference; fileEncoding = 4; lastKnownFileType = sourcecode.c.h; path = commonDefs.h; sourceTree = "<group>"; };
		57F2889D1A00306C0026949D /* IDeviceManagerDelegate.h */ = {isa = PBXFileReference; fileEncoding = 4; lastKnownFileType = sourcecode.c.h; path = IDeviceManagerDelegate.h; sourceTree = "<group>"; };
		57F2889F1A00306C0026949D /* EMDeviceManagerDelegate.h */ = {isa = PBXFileReference; fileEncoding = 4; lastKnownFileType = sourcecode.c.h; path = EMDeviceManagerDelegate.h; sourceTree = "<group>"; };
		57F288A01A00306C0026949D /* EMDeviceManagerDelegateBase.h */ = {isa = PBXFileReference; fileEncoding = 4; lastKnownFileType = sourcecode.c.h; path = EMDeviceManagerDelegateBase.h; sourceTree = "<group>"; };
		57F288A11A00306C0026949D /* EMDeviceManagerLocationDelegate.h */ = {isa = PBXFileReference; fileEncoding = 4; lastKnownFileType = sourcecode.c.h; path = EMDeviceManagerLocationDelegate.h; sourceTree = "<group>"; };
		57F288A21A00306C0026949D /* EMDeviceManagerMediaDelegate.h */ = {isa = PBXFileReference; fileEncoding = 4; lastKnownFileType = sourcecode.c.h; path = EMDeviceManagerMediaDelegate.h; sourceTree = "<group>"; };
		57F288A31A00306C0026949D /* EMDeviceManagerNetworkDelegate.h */ = {isa = PBXFileReference; fileEncoding = 4; lastKnownFileType = sourcecode.c.h; path = EMDeviceManagerNetworkDelegate.h; sourceTree = "<group>"; };
		57F288A41A00306C0026949D /* EMDeviceManagerProximitySensorDelegate.h */ = {isa = PBXFileReference; fileEncoding = 4; lastKnownFileType = sourcecode.c.h; path = EMDeviceManagerProximitySensorDelegate.h; sourceTree = "<group>"; };
		57F288A51A00306C0026949D /* EMDeviceManagerDefs.h */ = {isa = PBXFileReference; fileEncoding = 4; lastKnownFileType = sourcecode.c.h; path = EMDeviceManagerDefs.h; sourceTree = "<group>"; };
		57F288A61A00306C0026949D /* IDeviceManager.h */ = {isa = PBXFileReference; fileEncoding = 4; lastKnownFileType = sourcecode.c.h; path = IDeviceManager.h; sourceTree = "<group>"; };
		57F288A81A00306C0026949D /* IDeviceManagerBase.h */ = {isa = PBXFileReference; fileEncoding = 4; lastKnownFileType = sourcecode.c.h; path = IDeviceManagerBase.h; sourceTree = "<group>"; };
		57F288A91A00306C0026949D /* IDeviceManagerCamera.h */ = {isa = PBXFileReference; fileEncoding = 4; lastKnownFileType = sourcecode.c.h; path = IDeviceManagerCamera.h; sourceTree = "<group>"; };
		57F288AA1A00306C0026949D /* IDeviceManagerDevice.h */ = {isa = PBXFileReference; fileEncoding = 4; lastKnownFileType = sourcecode.c.h; path = IDeviceManagerDevice.h; sourceTree = "<group>"; };
		57F288AB1A00306C0026949D /* IDeviceManagerLocation.h */ = {isa = PBXFileReference; fileEncoding = 4; lastKnownFileType = sourcecode.c.h; path = IDeviceManagerLocation.h; sourceTree = "<group>"; };
		57F288AC1A00306C0026949D /* IDeviceManagerMedia.h */ = {isa = PBXFileReference; fileEncoding = 4; lastKnownFileType = sourcecode.c.h; path = IDeviceManagerMedia.h; sourceTree = "<group>"; };
		57F288AD1A00306C0026949D /* IDeviceManagerProximitySensor.h */ = {isa = PBXFileReference; fileEncoding = 4; lastKnownFileType = sourcecode.c.h; path = IDeviceManagerProximitySensor.h; sourceTree = "<group>"; };
		57F288AE1A00306C0026949D /* EMNetworkMonitorDefs.h */ = {isa = PBXFileReference; fileEncoding = 4; lastKnownFileType = sourcecode.c.h; path = EMNetworkMonitorDefs.h; sourceTree = "<group>"; };
		57F288B01A00306C0026949D /* EMError.h */ = {isa = PBXFileReference; fileEncoding = 4; lastKnownFileType = sourcecode.c.h; path = EMError.h; sourceTree = "<group>"; };
		57F288B11A00306C0026949D /* EMErrorDefs.h */ = {isa = PBXFileReference; fileEncoding = 4; lastKnownFileType = sourcecode.c.h; path = EMErrorDefs.h; sourceTree = "<group>"; };
		57F288B31A00306C0026949D /* libEaseMobClientSDKLite.a */ = {isa = PBXFileReference; lastKnownFileType = archive.ar; path = libEaseMobClientSDKLite.a; sourceTree = "<group>"; };
		57F288B51A00306C0026949D /* EaseMob.bundle */ = {isa = PBXFileReference; lastKnownFileType = "wrapper.plug-in"; path = EaseMob.bundle; sourceTree = "<group>"; };
		57F288B81A00314F0026949D /* CoreGraphics.framework */ = {isa = PBXFileReference; lastKnownFileType = wrapper.framework; name = CoreGraphics.framework; path = System/Library/Frameworks/CoreGraphics.framework; sourceTree = SDKROOT; };
		57F288BA1A0031C90026949D /* Foundation.framework */ = {isa = PBXFileReference; lastKnownFileType = wrapper.framework; name = Foundation.framework; path = System/Library/Frameworks/Foundation.framework; sourceTree = SDKROOT; };
		57F288BC1A0031E40026949D /* libxml2.dylib */ = {isa = PBXFileReference; lastKnownFileType = "compiled.mach-o.dylib"; name = libxml2.dylib; path = usr/lib/libxml2.dylib; sourceTree = SDKROOT; };
		57F288BE1A0031ED0026949D /* libstdc++.dylib */ = {isa = PBXFileReference; lastKnownFileType = "compiled.mach-o.dylib"; name = "libstdc++.dylib"; path = "usr/lib/libstdc++.dylib"; sourceTree = SDKROOT; };
		57F288C01A0031F30026949D /* libz.dylib */ = {isa = PBXFileReference; lastKnownFileType = "compiled.mach-o.dylib"; name = libz.dylib; path = usr/lib/libz.dylib; sourceTree = SDKROOT; };
		57F288C21A0031F90026949D /* CFNetwork.framework */ = {isa = PBXFileReference; lastKnownFileType = wrapper.framework; name = CFNetwork.framework; path = System/Library/Frameworks/CFNetwork.framework; sourceTree = SDKROOT; };
		57F288C41A0031FF0026949D /* AddressBook.framework */ = {isa = PBXFileReference; lastKnownFileType = wrapper.framework; name = AddressBook.framework; path = System/Library/Frameworks/AddressBook.framework; sourceTree = SDKROOT; };
		57F288C61A0032060026949D /* libiconv.dylib */ = {isa = PBXFileReference; lastKnownFileType = "compiled.mach-o.dylib"; name = libiconv.dylib; path = usr/lib/libiconv.dylib; sourceTree = SDKROOT; };
		57F288C81A00320E0026949D /* libresolv.dylib */ = {isa = PBXFileReference; lastKnownFileType = "compiled.mach-o.dylib"; name = libresolv.dylib; path = usr/lib/libresolv.dylib; sourceTree = SDKROOT; };
		57F288CA1A0032140026949D /* MobileCoreServices.framework */ = {isa = PBXFileReference; lastKnownFileType = wrapper.framework; name = MobileCoreServices.framework; path = System/Library/Frameworks/MobileCoreServices.framework; sourceTree = SDKROOT; };
		57F288CC1A00321B0026949D /* UIKit.framework */ = {isa = PBXFileReference; lastKnownFileType = wrapper.framework; name = UIKit.framework; path = System/Library/Frameworks/UIKit.framework; sourceTree = SDKROOT; };
		57F28B051A00507F0026949D /* FriendListViewController.swift */ = {isa = PBXFileReference; fileEncoding = 4; lastKnownFileType = sourcecode.swift; path = FriendListViewController.swift; sourceTree = "<group>"; };
		57FA4B6919E35DAC00BBC5FD /* ItemForSell.swift */ = {isa = PBXFileReference; fileEncoding = 4; lastKnownFileType = sourcecode.swift; path = ItemForSell.swift; sourceTree = "<group>"; };
		6404A3F56B88EBB2765C06C6 /* libPods.a */ = {isa = PBXFileReference; explicitFileType = archive.ar; includeInIndex = 0; path = libPods.a; sourceTree = BUILT_PRODUCTS_DIR; };
		704E76571A0082CC0057EE39 /* UserSettingTableViewController.swift */ = {isa = PBXFileReference; fileEncoding = 4; lastKnownFileType = sourcecode.swift; path = UserSettingTableViewController.swift; sourceTree = "<group>"; };
		709D7D6519ECC2BD0037A03C /* UserSettingViewController.swift */ = {isa = PBXFileReference; fileEncoding = 4; lastKnownFileType = sourcecode.swift; path = UserSettingViewController.swift; sourceTree = "<group>"; };
		70D7785719E36C6400437988 /* UserProfileViewController.swift */ = {isa = PBXFileReference; fileEncoding = 4; lastKnownFileType = sourcecode.swift; path = UserProfileViewController.swift; sourceTree = "<group>"; };
		70D819B519F7487C0092CBAF /* SwitchCell.swift */ = {isa = PBXFileReference; fileEncoding = 4; lastKnownFileType = sourcecode.swift; path = SwitchCell.swift; sourceTree = "<group>"; };
		70D819BB19F752770092CBAF /* randomcat1.png */ = {isa = PBXFileReference; lastKnownFileType = image.png; path = randomcat1.png; sourceTree = "<group>"; };
		70DF05AA1A0200870068B128 /* SwipePageViewController.swift */ = {isa = PBXFileReference; fileEncoding = 4; lastKnownFileType = sourcecode.swift; path = SwipePageViewController.swift; sourceTree = "<group>"; };
		70DF05AC1A0206020068B128 /* SwipePageContentViewController.swift */ = {isa = PBXFileReference; fileEncoding = 4; lastKnownFileType = sourcecode.swift; path = SwipePageContentViewController.swift; sourceTree = "<group>"; };
		93859835CC3B67695617653F /* Pods.release.xcconfig */ = {isa = PBXFileReference; includeInIndex = 1; lastKnownFileType = text.xcconfig; name = Pods.release.xcconfig; path = "Pods/Target Support Files/Pods/Pods.release.xcconfig"; sourceTree = "<group>"; };
/* End PBXFileReference section */

/* Begin PBXFrameworksBuildPhase section */
		5742031E19C8CF2000A84191 /* Frameworks */ = {
			isa = PBXFrameworksBuildPhase;
			buildActionMask = 2147483647;
			files = (
				57F288BB1A0031C90026949D /* Foundation.framework in Frameworks */,
				57F288CD1A00321B0026949D /* UIKit.framework in Frameworks */,
				57F288CB1A0032140026949D /* MobileCoreServices.framework in Frameworks */,
				57F288C91A00320E0026949D /* libresolv.dylib in Frameworks */,
				57F288C71A0032060026949D /* libiconv.dylib in Frameworks */,
				57F288C51A0031FF0026949D /* AddressBook.framework in Frameworks */,
				57F288C31A0031F90026949D /* CFNetwork.framework in Frameworks */,
				57F288C11A0031F30026949D /* libz.dylib in Frameworks */,
				57F288BF1A0031ED0026949D /* libstdc++.dylib in Frameworks */,
				57F288BD1A0031E40026949D /* libxml2.dylib in Frameworks */,
				57F288B91A00314F0026949D /* CoreGraphics.framework in Frameworks */,
				57F288B61A00306C0026949D /* libEaseMobClientSDKLite.a in Frameworks */,
				FF14D5532EC153A88182F49D /* libPods.a in Frameworks */,
			);
			runOnlyForDeploymentPostprocessing = 0;
		};
		5742033319C8CF2100A84191 /* Frameworks */ = {
			isa = PBXFrameworksBuildPhase;
			buildActionMask = 2147483647;
			files = (
			);
			runOnlyForDeploymentPostprocessing = 0;
		};
/* End PBXFrameworksBuildPhase section */

/* Begin PBXGroup section */
		25C5DAB152E912EC1FC603C0 /* Frameworks */ = {
			isa = PBXGroup;
			children = (
				57F288CC1A00321B0026949D /* UIKit.framework */,
				57F288CA1A0032140026949D /* MobileCoreServices.framework */,
				57F288C81A00320E0026949D /* libresolv.dylib */,
				57F288C61A0032060026949D /* libiconv.dylib */,
				57F288C41A0031FF0026949D /* AddressBook.framework */,
				57F288C21A0031F90026949D /* CFNetwork.framework */,
				57F288C01A0031F30026949D /* libz.dylib */,
				57F288BE1A0031ED0026949D /* libstdc++.dylib */,
				57F288BC1A0031E40026949D /* libxml2.dylib */,
				57F288BA1A0031C90026949D /* Foundation.framework */,
				57F288B81A00314F0026949D /* CoreGraphics.framework */,
				6404A3F56B88EBB2765C06C6 /* libPods.a */,
			);
			name = Frameworks;
			sourceTree = "<group>";
		};
		4365C1A2ACAE068FF2BFAE00 /* Pods */ = {
			isa = PBXGroup;
			children = (
				1173F90AE60D701C199A49DE /* Pods.debug.xcconfig */,
				93859835CC3B67695617653F /* Pods.release.xcconfig */,
			);
			name = Pods;
			sourceTree = "<group>";
		};
		5742031819C8CF2000A84191 = {
			isa = PBXGroup;
			children = (
				574614FE19E37138008323E0 /* Images.xcassets */,
				5742032319C8CF2000A84191 /* CollegeTrade */,
				5742033919C8CF2100A84191 /* CollegeTradeTests */,
				5742032219C8CF2000A84191 /* Products */,
				4365C1A2ACAE068FF2BFAE00 /* Pods */,
				25C5DAB152E912EC1FC603C0 /* Frameworks */,
			);
			sourceTree = "<group>";
		};
		5742032219C8CF2000A84191 /* Products */ = {
			isa = PBXGroup;
			children = (
				5742032119C8CF2000A84191 /* CollegeTrade.app */,
				5742033619C8CF2100A84191 /* CollegeTradeTests.xctest */,
			);
			name = Products;
			sourceTree = "<group>";
		};
		5742032319C8CF2000A84191 /* CollegeTrade */ = {
			isa = PBXGroup;
			children = (
				5742032619C8CF2000A84191 /* AppDelegate.swift */,
				57ACA0781A006F2000A88172 /* ChatWithFriendViewController.swift */,
				5731622019FEC4AB00F17821 /* CollegeTrade-Bridging-Header.h */,
				5731621919FEC0CB00F17821 /* Constants.swift */,
				57908E0819F741D900179925 /* DataBaseAPIHelper.swift */,
				57F288561A00306C0026949D /* EaseMobSDK */,
				57ACA0761A006C5400A88172 /* FriendListAPIController.swift */,
				57F28B051A00507F0026949D /* FriendListViewController.swift */,
				5784C28819C9245100DDA365 /* ItemDetailViewController.swift */,
				57FA4B6919E35DAC00BBC5FD /* ItemForSell.swift */,
				57E52D7B19EC7BEB00D33DE3 /* KeyChainService.swift */,
				5742032F19C8CF2100A84191 /* LaunchScreen.xib */,
				5742032819C8CF2000A84191 /* LoginViewController.swift */,
				5742032A19C8CF2000A84191 /* Main.storyboard */,
				70DF05AA1A0200870068B128 /* SwipePageViewController.swift */,
				70DF05AC1A0206020068B128 /* SwipePageContentViewController.swift */,
				577E4BBB1A01F2B4004B1111 /* StoreHomePageViewController.swift */,
				577E4BB91A01D677004B1111 /* NewOrderViewController.swift */,
				57D837881A017AB50078760C /* FriendRequestViewController.swift */,
				57D837861A015C880078760C /* OrderDetailViewController.swift */,
				57D837841A0156A50078760C /* OrderAPIHelper.swift */,
				57D837821A0152AF0078760C /* OrderViewController.swift */,
				57D837801A00A1710078760C /* AddFriendToChatViewController.swift */,
				704E76571A0082CC0057EE39 /* UserSettingTableViewController.swift */,
				5779466019FF58FD00B2512F /* NewItemForSellViewController.swift */,
				57F288531A0020500026949D /* PagedImageScrollView.h */,
				57F288541A0020500026949D /* PagedImageScrollView.m */,
				57E52D7F19EEEC5500D33DE3 /* Protocol.swift */,
				57908E0619F5F4B900179925 /* SearchItemAPIController.swift */,
				5784C28419C9112B00DDA365 /* SignUpViewController.swift */,
				5746150019E375D7008323E0 /* Store.swift */,
				5746150419E37DD8008323E0 /* StoresNearByViewController.swift */,
				5742032419C8CF2000A84191 /* Supporting Files */,
				5731621D19FEC2D800F17821 /* SwiftMD5.swift */,
				70D819B519F7487C0092CBAF /* SwitchCell.swift */,
				57E52D7D19EE14AF00D33DE3 /* TakePhotoViewController.swift */,
				5731621B19FEC10500F17821 /* UpYunHelper.swift */,
				5746150219E37884008323E0 /* User.swift */,
				5784C28619C916EE00DDA365 /* UserHomePageViewController.swift */,
				70D7785719E36C6400437988 /* UserProfileViewController.swift */,
				709D7D6519ECC2BD0037A03C /* UserSettingViewController.swift */,
				5779465E19FF4D8000B2512F /* UserStoreHomePageViewController.swift */,
			);
			path = CollegeTrade;
			sourceTree = "<group>";
		};
		5742032419C8CF2000A84191 /* Supporting Files */ = {
			isa = PBXGroup;
			children = (
				70D819BB19F752770092CBAF /* randomcat1.png */,
				5742032519C8CF2000A84191 /* Info.plist */,
			);
			name = "Supporting Files";
			sourceTree = "<group>";
		};
		5742033919C8CF2100A84191 /* CollegeTradeTests */ = {
			isa = PBXGroup;
			children = (
				5742033C19C8CF2100A84191 /* CollegeTradeTests.swift */,
				5742033A19C8CF2100A84191 /* Supporting Files */,
			);
			path = CollegeTradeTests;
			sourceTree = "<group>";
		};
		5742033A19C8CF2100A84191 /* Supporting Files */ = {
			isa = PBXGroup;
			children = (
				5742033B19C8CF2100A84191 /* Info.plist */,
			);
			name = "Supporting Files";
			sourceTree = "<group>";
		};
		57F288561A00306C0026949D /* EaseMobSDK */ = {
			isa = PBXGroup;
			children = (
				57F288571A00306C0026949D /* include */,
				57F288B21A00306C0026949D /* lib */,
				57F288B41A00306C0026949D /* resources */,
			);
			path = EaseMobSDK;
			sourceTree = "<group>";
		};
		57F288571A00306C0026949D /* include */ = {
			isa = PBXGroup;
			children = (
				57F288581A00306C0026949D /* ChatService */,
				57F288961A00306C0026949D /* EaseMobClientSDKLite */,
				57F288991A00306C0026949D /* Utility */,
			);
			path = include;
			sourceTree = "<group>";
		};
		57F288581A00306C0026949D /* ChatService */ = {
			isa = PBXGroup;
			children = (
				57F288591A00306C0026949D /* EMChatManager */,
			);
			path = ChatService;
			sourceTree = "<group>";
		};
		57F288591A00306C0026949D /* EMChatManager */ = {
			isa = PBXGroup;
			children = (
				57F2885A1A00306C0026949D /* delegates */,
				57F288671A00306C0026949D /* IChatManager.h */,
				57F288681A00306C0026949D /* internal */,
				57F288741A00306C0026949D /* types */,
			);
			path = EMChatManager;
			sourceTree = "<group>";
		};
		57F2885A1A00306C0026949D /* delegates */ = {
			isa = PBXGroup;
			children = (
				57F2885B1A00306C0026949D /* IChatManagerDelegate.h */,
				57F2885C1A00306C0026949D /* internal */,
			);
			path = delegates;
			sourceTree = "<group>";
		};
		57F2885C1A00306C0026949D /* internal */ = {
			isa = PBXGroup;
			children = (
				57F2885D1A00306C0026949D /* EMChatManagerBuddyDelegate.h */,
				57F2885E1A00306C0026949D /* EMChatManagerChatDelegate.h */,
				57F2885F1A00306C0026949D /* EMChatManagerDelegate.h */,
				57F288601A00306C0026949D /* EMChatManagerDelegateBase.h */,
				57F288611A00306C0026949D /* EMChatManagerEncryptionDelegate.h */,
				57F288621A00306C0026949D /* EMChatManagerGroupDelegate.h */,
				57F288631A00306C0026949D /* EMChatManagerLoginDelegate.h */,
				57F288641A00306C0026949D /* EMChatManagerMediaDelegate.h */,
				57F288651A00306C0026949D /* EMChatManagerPushNotificationDelegate.h */,
				57F288661A00306C0026949D /* EMChatManagerUtilDelegate.h */,
			);
			path = internal;
			sourceTree = "<group>";
		};
		57F288681A00306C0026949D /* internal */ = {
			isa = PBXGroup;
			children = (
				57F288691A00306C0026949D /* IChatManagerBase.h */,
				57F2886A1A00306C0026949D /* IChatManagerBuddy.h */,
				57F2886B1A00306C0026949D /* IChatManagerChat.h */,
				57F2886C1A00306C0026949D /* IChatManagerConversation.h */,
				57F2886D1A00306C0026949D /* IChatManagerEncryption.h */,
				57F2886E1A00306C0026949D /* IChatManagerGroup.h */,
				57F2886F1A00306C0026949D /* IChatManagerLogin.h */,
				57F288701A00306C0026949D /* IChatManagerMedia.h */,
				57F288711A00306C0026949D /* IChatManagerPushNotification.h */,
				57F288721A00306C0026949D /* IChatManagerSettingOptions.h */,
				57F288731A00306C0026949D /* IChatManagerUtil.h */,
			);
			path = internal;
			sourceTree = "<group>";
		};
		57F288741A00306C0026949D /* types */ = {
			isa = PBXGroup;
			children = (
				57F288751A00306C0026949D /* EMAnonymityHelper.h */,
				57F288761A00306C0026949D /* EMBuddy.h */,
				57F288771A00306C0026949D /* EMBuddyGroup.h */,
				57F288781A00306C0026949D /* EMChatCommand.h */,
				57F288791A00306C0026949D /* EMChatFile.h */,
				57F2887A1A00306C0026949D /* EMChatImage.h */,
				57F2887B1A00306C0026949D /* EMChatLocation.h */,
				57F2887C1A00306C0026949D /* EMChatServiceDefs.h */,
				57F2887D1A00306C0026949D /* EMChatText.h */,
				57F2887E1A00306C0026949D /* EMChatVideo.h */,
				57F2887F1A00306C0026949D /* EMChatVoice.h */,
				57F288801A00306C0026949D /* EMCommandMessageBody.h */,
				57F288811A00306C0026949D /* EMConversation.h */,
				57F288821A00306C0026949D /* EMFileMessageBody.h */,
				57F288831A00306C0026949D /* EMGroup.h */,
				57F288841A00306C0026949D /* EMGroupStyleSetting.h */,
				57F288851A00306C0026949D /* EMImageMessageBody.h */,
				57F288861A00306C0026949D /* EMLocationMessageBody.h */,
				57F288871A00306C0026949D /* EMMessage.h */,
				57F288881A00306C0026949D /* EMPushNotificationOptions.h */,
				57F288891A00306C0026949D /* EMReceiptBase.h */,
				57F2888A1A00306C0026949D /* EMReceiptReq.h */,
				57F2888B1A00306C0026949D /* EMReceiptResp.h */,
				57F2888C1A00306C0026949D /* EMTextMessageBody.h */,
				57F2888D1A00306C0026949D /* EMVideoMessageBody.h */,
				57F2888E1A00306C0026949D /* EMVoiceMessageBody.h */,
				57F2888F1A00306C0026949D /* IChatImageOptions.h */,
				57F288901A00306C0026949D /* IEMChatCryptor.h */,
				57F288911A00306C0026949D /* IEMChatFile.h */,
				57F288921A00306C0026949D /* IEMChatObject.h */,
				57F288931A00306C0026949D /* IEMChatProgressDelegate.h */,
				57F288941A00306C0026949D /* IEMFileMessageBody.h */,
				57F288951A00306C0026949D /* IEMMessageBody.h */,
			);
			path = types;
			sourceTree = "<group>";
		};
		57F288961A00306C0026949D /* EaseMobClientSDKLite */ = {
			isa = PBXGroup;
			children = (
				57F288971A00306C0026949D /* EaseMob.h */,
				57F288981A00306C0026949D /* EaseMobHeaders.h */,
			);
			path = EaseMobClientSDKLite;
			sourceTree = "<group>";
		};
		57F288991A00306C0026949D /* Utility */ = {
			isa = PBXGroup;
			children = (
				57F2889A1A00306C0026949D /* commonDefs.h */,
				57F2889B1A00306C0026949D /* EMDeviceManager */,
				57F288AE1A00306C0026949D /* EMNetworkMonitorDefs.h */,
				57F288AF1A00306C0026949D /* ErrorManager */,
			);
			path = Utility;
			sourceTree = "<group>";
		};
		57F2889B1A00306C0026949D /* EMDeviceManager */ = {
			isa = PBXGroup;
			children = (
				57F2889C1A00306C0026949D /* delegates */,
				57F288A51A00306C0026949D /* EMDeviceManagerDefs.h */,
				57F288A61A00306C0026949D /* IDeviceManager.h */,
				57F288A71A00306C0026949D /* internal */,
			);
			path = EMDeviceManager;
			sourceTree = "<group>";
		};
		57F2889C1A00306C0026949D /* delegates */ = {
			isa = PBXGroup;
			children = (
				57F2889D1A00306C0026949D /* IDeviceManagerDelegate.h */,
				57F2889E1A00306C0026949D /* internal */,
			);
			path = delegates;
			sourceTree = "<group>";
		};
		57F2889E1A00306C0026949D /* internal */ = {
			isa = PBXGroup;
			children = (
				57F2889F1A00306C0026949D /* EMDeviceManagerDelegate.h */,
				57F288A01A00306C0026949D /* EMDeviceManagerDelegateBase.h */,
				57F288A11A00306C0026949D /* EMDeviceManagerLocationDelegate.h */,
				57F288A21A00306C0026949D /* EMDeviceManagerMediaDelegate.h */,
				57F288A31A00306C0026949D /* EMDeviceManagerNetworkDelegate.h */,
				57F288A41A00306C0026949D /* EMDeviceManagerProximitySensorDelegate.h */,
			);
			path = internal;
			sourceTree = "<group>";
		};
		57F288A71A00306C0026949D /* internal */ = {
			isa = PBXGroup;
			children = (
				57F288A81A00306C0026949D /* IDeviceManagerBase.h */,
				57F288A91A00306C0026949D /* IDeviceManagerCamera.h */,
				57F288AA1A00306C0026949D /* IDeviceManagerDevice.h */,
				57F288AB1A00306C0026949D /* IDeviceManagerLocation.h */,
				57F288AC1A00306C0026949D /* IDeviceManagerMedia.h */,
				57F288AD1A00306C0026949D /* IDeviceManagerProximitySensor.h */,
			);
			path = internal;
			sourceTree = "<group>";
		};
		57F288AF1A00306C0026949D /* ErrorManager */ = {
			isa = PBXGroup;
			children = (
				57F288B01A00306C0026949D /* EMError.h */,
				57F288B11A00306C0026949D /* EMErrorDefs.h */,
			);
			path = ErrorManager;
			sourceTree = "<group>";
		};
		57F288B21A00306C0026949D /* lib */ = {
			isa = PBXGroup;
			children = (
				57F288B31A00306C0026949D /* libEaseMobClientSDKLite.a */,
			);
			path = lib;
			sourceTree = "<group>";
		};
		57F288B41A00306C0026949D /* resources */ = {
			isa = PBXGroup;
			children = (
				57F288B51A00306C0026949D /* EaseMob.bundle */,
			);
			path = resources;
			sourceTree = "<group>";
		};
/* End PBXGroup section */

/* Begin PBXNativeTarget section */
		5742032019C8CF2000A84191 /* CollegeTrade */ = {
			isa = PBXNativeTarget;
			buildConfigurationList = 5742034019C8CF2100A84191 /* Build configuration list for PBXNativeTarget "CollegeTrade" */;
			buildPhases = (
				8306D3335A9EF9757B0C0FE9 /* Check Pods Manifest.lock */,
				5742031D19C8CF2000A84191 /* Sources */,
				5742031E19C8CF2000A84191 /* Frameworks */,
				5742031F19C8CF2000A84191 /* Resources */,
				677D09331FC032DE23E1F54E /* Copy Pods Resources */,
			);
			buildRules = (
			);
			dependencies = (
			);
			name = CollegeTrade;
			productName = CollegeTrade;
			productReference = 5742032119C8CF2000A84191 /* CollegeTrade.app */;
			productType = "com.apple.product-type.application";
		};
		5742033519C8CF2100A84191 /* CollegeTradeTests */ = {
			isa = PBXNativeTarget;
			buildConfigurationList = 5742034319C8CF2100A84191 /* Build configuration list for PBXNativeTarget "CollegeTradeTests" */;
			buildPhases = (
				5742033219C8CF2100A84191 /* Sources */,
				5742033319C8CF2100A84191 /* Frameworks */,
				5742033419C8CF2100A84191 /* Resources */,
			);
			buildRules = (
			);
			dependencies = (
				5742033819C8CF2100A84191 /* PBXTargetDependency */,
			);
			name = CollegeTradeTests;
			productName = CollegeTradeTests;
			productReference = 5742033619C8CF2100A84191 /* CollegeTradeTests.xctest */;
			productType = "com.apple.product-type.bundle.unit-test";
		};
/* End PBXNativeTarget section */

/* Begin PBXProject section */
		5742031919C8CF2000A84191 /* Project object */ = {
			isa = PBXProject;
			attributes = {
				LastUpgradeCheck = 0600;
				ORGANIZATIONNAME = "Shaoqing Yang";
				TargetAttributes = {
					5742032019C8CF2000A84191 = {
						CreatedOnToolsVersion = 6.0;
					};
					5742033519C8CF2100A84191 = {
						CreatedOnToolsVersion = 6.0;
						TestTargetID = 5742032019C8CF2000A84191;
					};
				};
			};
			buildConfigurationList = 5742031C19C8CF2000A84191 /* Build configuration list for PBXProject "CollegeTrade" */;
			compatibilityVersion = "Xcode 3.2";
			developmentRegion = English;
			hasScannedForEncodings = 0;
			knownRegions = (
				en,
				Base,
			);
			mainGroup = 5742031819C8CF2000A84191;
			productRefGroup = 5742032219C8CF2000A84191 /* Products */;
			projectDirPath = "";
			projectRoot = "";
			targets = (
				5742032019C8CF2000A84191 /* CollegeTrade */,
				5742033519C8CF2100A84191 /* CollegeTradeTests */,
			);
		};
/* End PBXProject section */

/* Begin PBXResourcesBuildPhase section */
		5742031F19C8CF2000A84191 /* Resources */ = {
			isa = PBXResourcesBuildPhase;
			buildActionMask = 2147483647;
			files = (
				574614FF19E37138008323E0 /* Images.xcassets in Resources */,
				5742032C19C8CF2000A84191 /* Main.storyboard in Resources */,
				70D819BC19F752770092CBAF /* randomcat1.png in Resources */,
				5742033119C8CF2100A84191 /* LaunchScreen.xib in Resources */,
				57F288B71A00306C0026949D /* EaseMob.bundle in Resources */,
			);
			runOnlyForDeploymentPostprocessing = 0;
		};
		5742033419C8CF2100A84191 /* Resources */ = {
			isa = PBXResourcesBuildPhase;
			buildActionMask = 2147483647;
			files = (
			);
			runOnlyForDeploymentPostprocessing = 0;
		};
/* End PBXResourcesBuildPhase section */

/* Begin PBXShellScriptBuildPhase section */
		677D09331FC032DE23E1F54E /* Copy Pods Resources */ = {
			isa = PBXShellScriptBuildPhase;
			buildActionMask = 2147483647;
			files = (
			);
			inputPaths = (
			);
			name = "Copy Pods Resources";
			outputPaths = (
			);
			runOnlyForDeploymentPostprocessing = 0;
			shellPath = /bin/sh;
			shellScript = "\"${SRCROOT}/Pods/Target Support Files/Pods/Pods-resources.sh\"\n";
			showEnvVarsInLog = 0;
		};
		8306D3335A9EF9757B0C0FE9 /* Check Pods Manifest.lock */ = {
			isa = PBXShellScriptBuildPhase;
			buildActionMask = 2147483647;
			files = (
			);
			inputPaths = (
			);
			name = "Check Pods Manifest.lock";
			outputPaths = (
			);
			runOnlyForDeploymentPostprocessing = 0;
			shellPath = /bin/sh;
			shellScript = "diff \"${PODS_ROOT}/../Podfile.lock\" \"${PODS_ROOT}/Manifest.lock\" > /dev/null\nif [[ $? != 0 ]] ; then\n    cat << EOM\nerror: The sandbox is not in sync with the Podfile.lock. Run 'pod install' or update your CocoaPods installation.\nEOM\n    exit 1\nfi\n";
			showEnvVarsInLog = 0;
		};
/* End PBXShellScriptBuildPhase section */

/* Begin PBXSourcesBuildPhase section */
		5742031D19C8CF2000A84191 /* Sources */ = {
			isa = PBXSourcesBuildPhase;
			buildActionMask = 2147483647;
			files = (
				5746150519E37DD8008323E0 /* StoresNearByViewController.swift in Sources */,
				57908E0919F741D900179925 /* DataBaseAPIHelper.swift in Sources */,
				57D837811A00A1710078760C /* AddFriendToChatViewController.swift in Sources */,
				57FA4B6A19E35DAC00BBC5FD /* ItemForSell.swift in Sources */,
				5784C28919C9245100DDA365 /* ItemDetailViewController.swift in Sources */,
				57908E0719F5F4B900179925 /* SearchItemAPIController.swift in Sources */,
				577E4BBA1A01D677004B1111 /* NewOrderViewController.swift in Sources */,
				57E52D8019EEEC5500D33DE3 /* Protocol.swift in Sources */,
				57D837831A0152AF0078760C /* OrderViewController.swift in Sources */,
				70D7785819E36C6400437988 /* UserProfileViewController.swift in Sources */,
				5746150119E375D7008323E0 /* Store.swift in Sources */,
				5784C28519C9112B00DDA365 /* SignUpViewController.swift in Sources */,
				5746150319E37884008323E0 /* User.swift in Sources */,
				57F28B061A00507F0026949D /* FriendListViewController.swift in Sources */,
				57E52D7C19EC7BEB00D33DE3 /* KeyChainService.swift in Sources */,
				5742032919C8CF2000A84191 /* LoginViewController.swift in Sources */,
				57D837871A015C880078760C /* OrderDetailViewController.swift in Sources */,
				70DF05AB1A0200870068B128 /* SwipePageViewController.swift in Sources */,
				57ACA0771A006C5400A88172 /* FriendListAPIController.swift in Sources */,
				5731621E19FEC2D800F17821 /* SwiftMD5.swift in Sources */,
				57E52D7E19EE14AF00D33DE3 /* TakePhotoViewController.swift in Sources */,
				577E4BBC1A01F2B4004B1111 /* StoreHomePageViewController.swift in Sources */,
				57F288551A0020500026949D /* PagedImageScrollView.m in Sources */,
				57D837891A017AB50078760C /* FriendRequestViewController.swift in Sources */,
				57ACA0791A006F2000A88172 /* ChatWithFriendViewController.swift in Sources */,
				704E76581A0082CC0057EE39 /* UserSettingTableViewController.swift in Sources */,
				5784C28719C916EE00DDA365 /* UserHomePageViewController.swift in Sources */,
				70D819B619F7487C0092CBAF /* SwitchCell.swift in Sources */,
				5731621C19FEC10500F17821 /* UpYunHelper.swift in Sources */,
				5779466119FF58FD00B2512F /* NewItemForSellViewController.swift in Sources */,
				70DF05AD1A0206020068B128 /* SwipePageContentViewController.swift in Sources */,
				709D7D6619ECC2BD0037A03C /* UserSettingViewController.swift in Sources */,
				5779465F19FF4D8000B2512F /* UserStoreHomePageViewController.swift in Sources */,
				57D837851A0156A60078760C /* OrderAPIHelper.swift in Sources */,
				5742032719C8CF2000A84191 /* AppDelegate.swift in Sources */,
				5731621A19FEC0CB00F17821 /* Constants.swift in Sources */,
			);
			runOnlyForDeploymentPostprocessing = 0;
		};
		5742033219C8CF2100A84191 /* Sources */ = {
			isa = PBXSourcesBuildPhase;
			buildActionMask = 2147483647;
			files = (
				5742033D19C8CF2100A84191 /* CollegeTradeTests.swift in Sources */,
			);
			runOnlyForDeploymentPostprocessing = 0;
		};
/* End PBXSourcesBuildPhase section */

/* Begin PBXTargetDependency section */
		5742033819C8CF2100A84191 /* PBXTargetDependency */ = {
			isa = PBXTargetDependency;
			target = 5742032019C8CF2000A84191 /* CollegeTrade */;
			targetProxy = 5742033719C8CF2100A84191 /* PBXContainerItemProxy */;
		};
/* End PBXTargetDependency section */

/* Begin PBXVariantGroup section */
		5742032A19C8CF2000A84191 /* Main.storyboard */ = {
			isa = PBXVariantGroup;
			children = (
				5742032B19C8CF2000A84191 /* Base */,
			);
			name = Main.storyboard;
			sourceTree = "<group>";
		};
		5742032F19C8CF2100A84191 /* LaunchScreen.xib */ = {
			isa = PBXVariantGroup;
			children = (
				5742033019C8CF2100A84191 /* Base */,
			);
			name = LaunchScreen.xib;
			sourceTree = "<group>";
		};
/* End PBXVariantGroup section */

/* Begin XCBuildConfiguration section */
		5742033E19C8CF2100A84191 /* Debug */ = {
			isa = XCBuildConfiguration;
			buildSettings = {
				ALWAYS_SEARCH_USER_PATHS = NO;
				CLANG_CXX_LANGUAGE_STANDARD = "gnu++0x";
				CLANG_CXX_LIBRARY = "libc++";
				CLANG_ENABLE_MODULES = YES;
				CLANG_ENABLE_OBJC_ARC = YES;
				CLANG_WARN_BOOL_CONVERSION = YES;
				CLANG_WARN_CONSTANT_CONVERSION = YES;
				CLANG_WARN_DIRECT_OBJC_ISA_USAGE = YES_ERROR;
				CLANG_WARN_EMPTY_BODY = YES;
				CLANG_WARN_ENUM_CONVERSION = YES;
				CLANG_WARN_INT_CONVERSION = YES;
				CLANG_WARN_OBJC_ROOT_CLASS = YES_ERROR;
				CLANG_WARN_UNREACHABLE_CODE = YES;
				CLANG_WARN__DUPLICATE_METHOD_MATCH = YES;
				"CODE_SIGN_IDENTITY[sdk=iphoneos*]" = "iPhone Developer";
				COPY_PHASE_STRIP = NO;
				ENABLE_STRICT_OBJC_MSGSEND = YES;
				GCC_C_LANGUAGE_STANDARD = gnu99;
				GCC_DYNAMIC_NO_PIC = NO;
				GCC_OPTIMIZATION_LEVEL = 0;
				GCC_PREPROCESSOR_DEFINITIONS = (
					"DEBUG=1",
					"$(inherited)",
				);
				GCC_SYMBOLS_PRIVATE_EXTERN = NO;
				GCC_WARN_64_TO_32_BIT_CONVERSION = YES;
				GCC_WARN_ABOUT_RETURN_TYPE = YES_ERROR;
				GCC_WARN_UNDECLARED_SELECTOR = YES;
				GCC_WARN_UNINITIALIZED_AUTOS = YES_AGGRESSIVE;
				GCC_WARN_UNUSED_FUNCTION = YES;
				GCC_WARN_UNUSED_VARIABLE = YES;
				IPHONEOS_DEPLOYMENT_TARGET = 8.0;
				MTL_ENABLE_DEBUG_INFO = YES;
				ONLY_ACTIVE_ARCH = YES;
				SDKROOT = iphoneos;
				SWIFT_OPTIMIZATION_LEVEL = "-Onone";
			};
			name = Debug;
		};
		5742033F19C8CF2100A84191 /* Release */ = {
			isa = XCBuildConfiguration;
			buildSettings = {
				ALWAYS_SEARCH_USER_PATHS = NO;
				CLANG_CXX_LANGUAGE_STANDARD = "gnu++0x";
				CLANG_CXX_LIBRARY = "libc++";
				CLANG_ENABLE_MODULES = YES;
				CLANG_ENABLE_OBJC_ARC = YES;
				CLANG_WARN_BOOL_CONVERSION = YES;
				CLANG_WARN_CONSTANT_CONVERSION = YES;
				CLANG_WARN_DIRECT_OBJC_ISA_USAGE = YES_ERROR;
				CLANG_WARN_EMPTY_BODY = YES;
				CLANG_WARN_ENUM_CONVERSION = YES;
				CLANG_WARN_INT_CONVERSION = YES;
				CLANG_WARN_OBJC_ROOT_CLASS = YES_ERROR;
				CLANG_WARN_UNREACHABLE_CODE = YES;
				CLANG_WARN__DUPLICATE_METHOD_MATCH = YES;
				"CODE_SIGN_IDENTITY[sdk=iphoneos*]" = "iPhone Developer";
				COPY_PHASE_STRIP = YES;
				ENABLE_NS_ASSERTIONS = NO;
				ENABLE_STRICT_OBJC_MSGSEND = YES;
				GCC_C_LANGUAGE_STANDARD = gnu99;
				GCC_WARN_64_TO_32_BIT_CONVERSION = YES;
				GCC_WARN_ABOUT_RETURN_TYPE = YES_ERROR;
				GCC_WARN_UNDECLARED_SELECTOR = YES;
				GCC_WARN_UNINITIALIZED_AUTOS = YES_AGGRESSIVE;
				GCC_WARN_UNUSED_FUNCTION = YES;
				GCC_WARN_UNUSED_VARIABLE = YES;
				IPHONEOS_DEPLOYMENT_TARGET = 8.0;
				MTL_ENABLE_DEBUG_INFO = NO;
				SDKROOT = iphoneos;
				VALIDATE_PRODUCT = YES;
			};
			name = Release;
		};
		5742034119C8CF2100A84191 /* Debug */ = {
			isa = XCBuildConfiguration;
			baseConfigurationReference = 1173F90AE60D701C199A49DE /* Pods.debug.xcconfig */;
			buildSettings = {
				ASSETCATALOG_COMPILER_APPICON_NAME = AppIcon;
				CLANG_ENABLE_MODULES = YES;
				ENABLE_NS_ASSERTIONS = NO;
				FRAMEWORK_SEARCH_PATHS = (
					"$(inherited)",
					"$(PROJECT_DIR)/CollegeTrade/ChatDemo-UI2.0/3rdparty",
				);
				INFOPLIST_FILE = CollegeTrade/Info.plist;
				LD_RUNPATH_SEARCH_PATHS = "$(inherited) @executable_path/Frameworks";
				LIBRARY_SEARCH_PATHS = (
					"$(inherited)",
					"$(PROJECT_DIR)/CollegeTrade/EaseMobSDK/lib",
				);
				PRODUCT_NAME = "$(TARGET_NAME)";
				SWIFT_OBJC_BRIDGING_HEADER = "CollegeTrade-Bridging-Header.h";
				SWIFT_OPTIMIZATION_LEVEL = "-Onone";
				TARGETED_DEVICE_FAMILY = 1;
			};
			name = Debug;
		};
		5742034219C8CF2100A84191 /* Release */ = {
			isa = XCBuildConfiguration;
			baseConfigurationReference = 93859835CC3B67695617653F /* Pods.release.xcconfig */;
			buildSettings = {
				ASSETCATALOG_COMPILER_APPICON_NAME = AppIcon;
				CLANG_ENABLE_MODULES = YES;
				ENABLE_NS_ASSERTIONS = NO;
				FRAMEWORK_SEARCH_PATHS = (
					"$(inherited)",
					"$(PROJECT_DIR)/CollegeTrade/ChatDemo-UI2.0/3rdparty",
				);
				INFOPLIST_FILE = CollegeTrade/Info.plist;
				LD_RUNPATH_SEARCH_PATHS = "$(inherited) @executable_path/Frameworks";
				LIBRARY_SEARCH_PATHS = (
					"$(inherited)",
					"$(PROJECT_DIR)/CollegeTrade/EaseMobSDK/lib",
				);
				PRODUCT_NAME = "$(TARGET_NAME)";
				SWIFT_OBJC_BRIDGING_HEADER = "CollegeTrade-Bridging-Header.h";
				TARGETED_DEVICE_FAMILY = 1;
			};
			name = Release;
		};
		5742034419C8CF2100A84191 /* Debug */ = {
			isa = XCBuildConfiguration;
			buildSettings = {
				BUNDLE_LOADER = "$(TEST_HOST)";
				FRAMEWORK_SEARCH_PATHS = (
					"$(SDKROOT)/Developer/Library/Frameworks",
					"$(inherited)",
				);
				GCC_PREPROCESSOR_DEFINITIONS = (
					"DEBUG=1",
					"$(inherited)",
				);
				INFOPLIST_FILE = CollegeTradeTests/Info.plist;
				LD_RUNPATH_SEARCH_PATHS = "$(inherited) @executable_path/Frameworks @loader_path/Frameworks";
				PRODUCT_NAME = "$(TARGET_NAME)";
				TEST_HOST = "$(BUILT_PRODUCTS_DIR)/CollegeTrade.app/CollegeTrade";
			};
			name = Debug;
		};
		5742034519C8CF2100A84191 /* Release */ = {
			isa = XCBuildConfiguration;
			buildSettings = {
				BUNDLE_LOADER = "$(TEST_HOST)";
				FRAMEWORK_SEARCH_PATHS = (
					"$(SDKROOT)/Developer/Library/Frameworks",
					"$(inherited)",
				);
				INFOPLIST_FILE = CollegeTradeTests/Info.plist;
				LD_RUNPATH_SEARCH_PATHS = "$(inherited) @executable_path/Frameworks @loader_path/Frameworks";
				PRODUCT_NAME = "$(TARGET_NAME)";
				TEST_HOST = "$(BUILT_PRODUCTS_DIR)/CollegeTrade.app/CollegeTrade";
			};
			name = Release;
		};
/* End XCBuildConfiguration section */

/* Begin XCConfigurationList section */
		5742031C19C8CF2000A84191 /* Build configuration list for PBXProject "CollegeTrade" */ = {
			isa = XCConfigurationList;
			buildConfigurations = (
				5742033E19C8CF2100A84191 /* Debug */,
				5742033F19C8CF2100A84191 /* Release */,
			);
			defaultConfigurationIsVisible = 0;
			defaultConfigurationName = Release;
		};
		5742034019C8CF2100A84191 /* Build configuration list for PBXNativeTarget "CollegeTrade" */ = {
			isa = XCConfigurationList;
			buildConfigurations = (
				5742034119C8CF2100A84191 /* Debug */,
				5742034219C8CF2100A84191 /* Release */,
			);
			defaultConfigurationIsVisible = 0;
			defaultConfigurationName = Release;
		};
		5742034319C8CF2100A84191 /* Build configuration list for PBXNativeTarget "CollegeTradeTests" */ = {
			isa = XCConfigurationList;
			buildConfigurations = (
				5742034419C8CF2100A84191 /* Debug */,
				5742034519C8CF2100A84191 /* Release */,
			);
			defaultConfigurationIsVisible = 0;
			defaultConfigurationName = Release;
		};
/* End XCConfigurationList section */
	};
	rootObject = 5742031919C8CF2000A84191 /* Project object */;
}
